// !$*UTF8*$!
{
	archiveVersion = 1;
	classes = {
	};
	objectVersion = 52;
	objects = {

/* Begin PBXBuildFile section */
		A759891326F1302E008B11CF /* AppDelegate.swift in Sources */ = {isa = PBXBuildFile; fileRef = A759891226F1302E008B11CF /* AppDelegate.swift */; };
		A759891D26F1302E008B11CF /* MarvelCodeCase.xcdatamodeld in Sources */ = {isa = PBXBuildFile; fileRef = A759891B26F1302E008B11CF /* MarvelCodeCase.xcdatamodeld */; };
		A759891F26F1302F008B11CF /* Assets.xcassets in Resources */ = {isa = PBXBuildFile; fileRef = A759891E26F1302F008B11CF /* Assets.xcassets */; };
		A759892226F1302F008B11CF /* LaunchScreen.storyboard in Resources */ = {isa = PBXBuildFile; fileRef = A759892026F1302F008B11CF /* LaunchScreen.storyboard */; };
		A759892D26F1302F008B11CF /* MarvelCodeCaseTests.swift in Sources */ = {isa = PBXBuildFile; fileRef = A759892C26F1302F008B11CF /* MarvelCodeCaseTests.swift */; };
		A759893826F1302F008B11CF /* MarvelCodeCaseUITests.swift in Sources */ = {isa = PBXBuildFile; fileRef = A759893726F1302F008B11CF /* MarvelCodeCaseUITests.swift */; };
		A759895626F13072008B11CF /* MainViewAssembler.swift in Sources */ = {isa = PBXBuildFile; fileRef = A759895326F13072008B11CF /* MainViewAssembler.swift */; };
		A759895726F13072008B11CF /* Assembler+Extension.swift in Sources */ = {isa = PBXBuildFile; fileRef = A759895526F13072008B11CF /* Assembler+Extension.swift */; };
		A759895F26F13079008B11CF /* BaseViewModelDelegate.swift in Sources */ = {isa = PBXBuildFile; fileRef = A759895A26F13079008B11CF /* BaseViewModelDelegate.swift */; };
		A759896026F13079008B11CF /* BaseCoordinator.swift in Sources */ = {isa = PBXBuildFile; fileRef = A759895D26F13079008B11CF /* BaseCoordinator.swift */; };
		A759896126F13079008B11CF /* Coordinator.swift in Sources */ = {isa = PBXBuildFile; fileRef = A759895E26F13079008B11CF /* Coordinator.swift */; };
		A759896726F130C9008B11CF /* Swinject in Frameworks */ = {isa = PBXBuildFile; productRef = A759896626F130C9008B11CF /* Swinject */; };
		A759896A26F130DD008B11CF /* SwinjectAutoregistration in Frameworks */ = {isa = PBXBuildFile; productRef = A759896926F130DD008B11CF /* SwinjectAutoregistration */; };
		A759896D26F130F5008B11CF /* RxSwift in Frameworks */ = {isa = PBXBuildFile; productRef = A759896C26F130F5008B11CF /* RxSwift */; };
		A759896F26F130F5008B11CF /* RxCocoa in Frameworks */ = {isa = PBXBuildFile; productRef = A759896E26F130F5008B11CF /* RxCocoa */; };
		A759897126F130F5008B11CF /* RxRelay in Frameworks */ = {isa = PBXBuildFile; productRef = A759897026F130F5008B11CF /* RxRelay */; };
		A759897326F1315D008B11CF /* SplashViewStoryBoard.storyboard in Resources */ = {isa = PBXBuildFile; fileRef = A759897226F1315D008B11CF /* SplashViewStoryBoard.storyboard */; };
		A759897526F131A2008B11CF /* SplashViewController.swift in Sources */ = {isa = PBXBuildFile; fileRef = A759897426F131A2008B11CF /* SplashViewController.swift */; };
		A759897E26F13485008B11CF /* BaseViewController.swift in Sources */ = {isa = PBXBuildFile; fileRef = A759897726F13485008B11CF /* BaseViewController.swift */; };
		A759897F26F13485008B11CF /* GenericBaseView.swift in Sources */ = {isa = PBXBuildFile; fileRef = A759897826F13485008B11CF /* GenericBaseView.swift */; };
		A759898026F13485008B11CF /* BaseView.swift in Sources */ = {isa = PBXBuildFile; fileRef = A759897926F13485008B11CF /* BaseView.swift */; };
		A759898126F13485008B11CF /* BaseTableViewCell.swift in Sources */ = {isa = PBXBuildFile; fileRef = A759897A26F13485008B11CF /* BaseTableViewCell.swift */; };
		A759898226F13485008B11CF /* BaseCollectionViewCell.swift in Sources */ = {isa = PBXBuildFile; fileRef = A759897B26F13485008B11CF /* BaseCollectionViewCell.swift */; };
		A759898326F13485008B11CF /* GenericTableViewCell.swift in Sources */ = {isa = PBXBuildFile; fileRef = A759897C26F13485008B11CF /* GenericTableViewCell.swift */; };
		A759898426F13485008B11CF /* GenericCollectionViewCell.swift in Sources */ = {isa = PBXBuildFile; fileRef = A759897D26F13485008B11CF /* GenericCollectionViewCell.swift */; };
		A759898626F134DB008B11CF /* SplashViewModel.swift in Sources */ = {isa = PBXBuildFile; fileRef = A759898526F134DB008B11CF /* SplashViewModel.swift */; };
		A759898B26F13637008B11CF /* BaseRouter.swift in Sources */ = {isa = PBXBuildFile; fileRef = A759898A26F13637008B11CF /* BaseRouter.swift */; };
		A759898D26F138DE008B11CF /* SplashCoordinator.swift in Sources */ = {isa = PBXBuildFile; fileRef = A759898C26F138DE008B11CF /* SplashCoordinator.swift */; };
		A759898F26F1391F008B11CF /* AwakingStoryBoard.swift in Sources */ = {isa = PBXBuildFile; fileRef = A759898E26F1391F008B11CF /* AwakingStoryBoard.swift */; };
		A759899126F1393D008B11CF /* ApplicationStoryBoards.swift in Sources */ = {isa = PBXBuildFile; fileRef = A759899026F1393D008B11CF /* ApplicationStoryBoards.swift */; };
		A759899326F13949008B11CF /* GenericValueProtocol.swift in Sources */ = {isa = PBXBuildFile; fileRef = A759899226F13949008B11CF /* GenericValueProtocol.swift */; };
		A759899526F13A8B008B11CF /* InteractivePopGestureDelegate.swift in Sources */ = {isa = PBXBuildFile; fileRef = A759899426F13A8B008B11CF /* InteractivePopGestureDelegate.swift */; };
		A759899726F13AD0008B11CF /* ViewControllerTypeProtocol.swift in Sources */ = {isa = PBXBuildFile; fileRef = A759899626F13AD0008B11CF /* ViewControllerTypeProtocol.swift */; };
		A759899926F13BA9008B11CF /* AppCoordinator.swift in Sources */ = {isa = PBXBuildFile; fileRef = A759899826F13BA9008B11CF /* AppCoordinator.swift */; };
		A759899B26F13BB4008B11CF /* AppViewModel.swift in Sources */ = {isa = PBXBuildFile; fileRef = A759899A26F13BB4008B11CF /* AppViewModel.swift */; };
		A759899D26F13C3F008B11CF /* MainCoordinator.swift in Sources */ = {isa = PBXBuildFile; fileRef = A759899C26F13C3F008B11CF /* MainCoordinator.swift */; };
		A759899F26F13C46008B11CF /* MainViewModel.swift in Sources */ = {isa = PBXBuildFile; fileRef = A759899E26F13C46008B11CF /* MainViewModel.swift */; };
		A75989A126F13C4E008B11CF /* MainViewController.swift in Sources */ = {isa = PBXBuildFile; fileRef = A75989A026F13C4E008B11CF /* MainViewController.swift */; };
		A75989A526F140AA008B11CF /* ViewControllerUtils.swift in Sources */ = {isa = PBXBuildFile; fileRef = A75989A426F140AA008B11CF /* ViewControllerUtils.swift */; };
		A75989AA26F14127008B11CF /* AssemblerResolverDelegate.swift in Sources */ = {isa = PBXBuildFile; fileRef = A75989A926F14127008B11CF /* AssemblerResolverDelegate.swift */; };
		A75989AD26F1420C008B11CF /* AppCoordinatorAssembler.swift in Sources */ = {isa = PBXBuildFile; fileRef = A75989AC26F1420C008B11CF /* AppCoordinatorAssembler.swift */; };
		A75989B026F14252008B11CF /* SplashViewAssembler.swift in Sources */ = {isa = PBXBuildFile; fileRef = A75989AF26F14252008B11CF /* SplashViewAssembler.swift */; };
		A75989B426F15BC8008B11CF /* NavigationController+Extension.swift in Sources */ = {isa = PBXBuildFile; fileRef = A75989B326F15BC8008B11CF /* NavigationController+Extension.swift */; };
		A75989B726F15C0F008B11CF /* ColorAssets.xcassets in Resources */ = {isa = PBXBuildFile; fileRef = A75989B626F15C0F008B11CF /* ColorAssets.xcassets */; };
		A75989BA26F15C4F008B11CF /* MarvelCodeCaseColor.swift in Sources */ = {isa = PBXBuildFile; fileRef = A75989B926F15C4F008B11CF /* MarvelCodeCaseColor.swift */; };
		A75989BE26F161E6008B11CF /* ItemCollectionView.swift in Sources */ = {isa = PBXBuildFile; fileRef = A75989BD26F161E6008B11CF /* ItemCollectionView.swift */; };
		A75989C026F161F3008B11CF /* ItemCollectionComponentDelegate.swift in Sources */ = {isa = PBXBuildFile; fileRef = A75989BF26F161F3008B11CF /* ItemCollectionComponentDelegate.swift */; };
		A75989C226F16210008B11CF /* ItemCollectionViewData.swift in Sources */ = {isa = PBXBuildFile; fileRef = A75989C126F16210008B11CF /* ItemCollectionViewData.swift */; };
		A75989C826F16A15008B11CF /* UICollectionView+Extension.swift in Sources */ = {isa = PBXBuildFile; fileRef = A75989C726F16A15008B11CF /* UICollectionView+Extension.swift */; };
		A75989CA26F16A2E008B11CF /* UIView+Extension.swift in Sources */ = {isa = PBXBuildFile; fileRef = A75989C926F16A2E008B11CF /* UIView+Extension.swift */; };
		A75989CC26F16A57008B11CF /* GenericDataProtocol.swift in Sources */ = {isa = PBXBuildFile; fileRef = A75989CB26F16A57008B11CF /* GenericDataProtocol.swift */; };
		A75989CF26F16ADD008B11CF /* ContentDisplayerViewData.swift in Sources */ = {isa = PBXBuildFile; fileRef = A75989CE26F16ADD008B11CF /* ContentDisplayerViewData.swift */; };
		A75989D126F16B34008B11CF /* ContentDisplayerView.swift in Sources */ = {isa = PBXBuildFile; fileRef = A75989D026F16B34008B11CF /* ContentDisplayerView.swift */; };
		A75989D726F16C21008B11CF /* CustomImageViewComponentContainer.swift in Sources */ = {isa = PBXBuildFile; fileRef = A75989D326F16C21008B11CF /* CustomImageViewComponentContainer.swift */; };
		A75989D826F16C21008B11CF /* CustomImageViewComponentData.swift in Sources */ = {isa = PBXBuildFile; fileRef = A75989D426F16C21008B11CF /* CustomImageViewComponentData.swift */; };
		A75989D926F16C21008B11CF /* CustomImageViewComponent.swift in Sources */ = {isa = PBXBuildFile; fileRef = A75989D526F16C21008B11CF /* CustomImageViewComponent.swift */; };
		A75989DA26F16C21008B11CF /* CustomImageLoadingType.swift in Sources */ = {isa = PBXBuildFile; fileRef = A75989D626F16C21008B11CF /* CustomImageLoadingType.swift */; };
		A75989DD26F16CA6008B11CF /* ImageCacheManager.swift in Sources */ = {isa = PBXBuildFile; fileRef = A75989DC26F16CA6008B11CF /* ImageCacheManager.swift */; };
		A75989E126F16E2B008B11CF /* ContentDisplayerCollectionViewCell.swift in Sources */ = {isa = PBXBuildFile; fileRef = A75989E026F16E2B008B11CF /* ContentDisplayerCollectionViewCell.swift */; };
		A75989E526F16F98008B11CF /* LoadingCellView.swift in Sources */ = {isa = PBXBuildFile; fileRef = A75989E426F16F98008B11CF /* LoadingCellView.swift */; };
		A75989E826F173EC008B11CF /* MarvelDataLayer in Frameworks */ = {isa = PBXBuildFile; productRef = A75989E726F173EC008B11CF /* MarvelDataLayer */; };
		A75989EA26F177C6008B11CF /* PaginationInfo.swift in Sources */ = {isa = PBXBuildFile; fileRef = A75989E926F177C6008B11CF /* PaginationInfo.swift */; };
		A75989EC26F18167008B11CF /* MainViewDataFormatter.swift in Sources */ = {isa = PBXBuildFile; fileRef = A75989EB26F18167008B11CF /* MainViewDataFormatter.swift */; };
		A75989EE26F1821E008B11CF /* MainViewDataImplementation.swift in Sources */ = {isa = PBXBuildFile; fileRef = A75989ED26F1821E008B11CF /* MainViewDataImplementation.swift */; };
		A75989F026F188E2008B11CF /* CollectionLoadingState.swift in Sources */ = {isa = PBXBuildFile; fileRef = A75989EF26F188E2008B11CF /* CollectionLoadingState.swift */; };
		A75989F326F189CB008B11CF /* NetworkAssembler.swift in Sources */ = {isa = PBXBuildFile; fileRef = A75989F226F189CB008B11CF /* NetworkAssembler.swift */; };
		A75989F626F18D81008B11CF /* AccessProviderManager.swift in Sources */ = {isa = PBXBuildFile; fileRef = A75989F526F18D81008B11CF /* AccessProviderManager.swift */; };
		A75989F926F190E3008B11CF /* CharacterDataResponsibleAssember.swift in Sources */ = {isa = PBXBuildFile; fileRef = A75989F826F190E3008B11CF /* CharacterDataResponsibleAssember.swift */; };
		A78582EF26F3466A0060EB90 /* Lottie in Frameworks */ = {isa = PBXBuildFile; productRef = A78582EE26F3466A0060EB90 /* Lottie */; };
		A78582F326F347270060EB90 /* LottieManagerProtocol.swift in Sources */ = {isa = PBXBuildFile; fileRef = A78582F126F347270060EB90 /* LottieManagerProtocol.swift */; };
		A78582F426F347270060EB90 /* LottieManager.swift in Sources */ = {isa = PBXBuildFile; fileRef = A78582F226F347270060EB90 /* LottieManager.swift */; };
		A785830326F347720060EB90 /* LottieViewController.swift in Sources */ = {isa = PBXBuildFile; fileRef = A78582FD26F347720060EB90 /* LottieViewController.swift */; };
		A785830726F348930060EB90 /* 9844-loading-40-paperplane.json in Resources */ = {isa = PBXBuildFile; fileRef = A785830626F348930060EB90 /* 9844-loading-40-paperplane.json */; };
		A785830A26F3490D0060EB90 /* AtomicValue.swift in Sources */ = {isa = PBXBuildFile; fileRef = A785830926F3490D0060EB90 /* AtomicValue.swift */; };
		A785830D26F349E10060EB90 /* UIApplication+Extension.swift in Sources */ = {isa = PBXBuildFile; fileRef = A785830C26F349E10060EB90 /* UIApplication+Extension.swift */; };
		A785831026F34CC10060EB90 /* UseCaseListenerManager.swift in Sources */ = {isa = PBXBuildFile; fileRef = A785830F26F34CC10060EB90 /* UseCaseListenerManager.swift */; };
		A7B5B03526F211A9008CFC7E /* CharacterDetailCoordinator.swift in Sources */ = {isa = PBXBuildFile; fileRef = A7B5B03426F211A9008CFC7E /* CharacterDetailCoordinator.swift */; };
		A7B5B03726F211C3008CFC7E /* CharacterDetailViewModel.swift in Sources */ = {isa = PBXBuildFile; fileRef = A7B5B03626F211C3008CFC7E /* CharacterDetailViewModel.swift */; };
		A7B5B03926F211F3008CFC7E /* CharacterDetailViewController.swift in Sources */ = {isa = PBXBuildFile; fileRef = A7B5B03826F211F3008CFC7E /* CharacterDetailViewController.swift */; };
		A7B5B03C26F2126A008CFC7E /* CharacterDetailAssembler.swift in Sources */ = {isa = PBXBuildFile; fileRef = A7B5B03B26F2126A008CFC7E /* CharacterDetailAssembler.swift */; };
		A7B5B03E26F2192A008CFC7E /* MainViewRouter.swift in Sources */ = {isa = PBXBuildFile; fileRef = A7B5B03D26F2192A008CFC7E /* MainViewRouter.swift */; };
		A7B5B04126F22205008CFC7E /* CharacterDetailHeaderView.swift in Sources */ = {isa = PBXBuildFile; fileRef = A7B5B04026F22205008CFC7E /* CharacterDetailHeaderView.swift */; };
		A7B5B04326F2222E008CFC7E /* CharacterDetailHeaderViewData.swift in Sources */ = {isa = PBXBuildFile; fileRef = A7B5B04226F2222E008CFC7E /* CharacterDetailHeaderViewData.swift */; };
		A7B5B04626F222F4008CFC7E /* CharacterDetailView.swift in Sources */ = {isa = PBXBuildFile; fileRef = A7B5B04526F222F4008CFC7E /* CharacterDetailView.swift */; };
		A7B5B04826F22308008CFC7E /* CharacterDetailViewData.swift in Sources */ = {isa = PBXBuildFile; fileRef = A7B5B04726F22308008CFC7E /* CharacterDetailViewData.swift */; };
		A7B5B04A26F2236F008CFC7E /* CharacterDetailHeeaderFlowLayout.swift in Sources */ = {isa = PBXBuildFile; fileRef = A7B5B04926F2236F008CFC7E /* CharacterDetailHeeaderFlowLayout.swift */; };
		A7B5B04C26F2274E008CFC7E /* BaseCollectionReusableView.swift in Sources */ = {isa = PBXBuildFile; fileRef = A7B5B04B26F2274E008CFC7E /* BaseCollectionReusableView.swift */; };
		A7B5B04E26F2275F008CFC7E /* GenericUICollectionReusableView.swift in Sources */ = {isa = PBXBuildFile; fileRef = A7B5B04D26F2275F008CFC7E /* GenericUICollectionReusableView.swift */; };
		A7B5B05026F22881008CFC7E /* CharacterDetailHeaderResuableView.swift in Sources */ = {isa = PBXBuildFile; fileRef = A7B5B04F26F22881008CFC7E /* CharacterDetailHeaderResuableView.swift */; };
		A7B5B05226F256FE008CFC7E /* CharacterDetailDataManagerProtocol.swift in Sources */ = {isa = PBXBuildFile; fileRef = A7B5B05126F256FE008CFC7E /* CharacterDetailDataManagerProtocol.swift */; };
		A7B5B05426F25705008CFC7E /* CharacterDetailDataManager.swift in Sources */ = {isa = PBXBuildFile; fileRef = A7B5B05326F25705008CFC7E /* CharacterDetailDataManager.swift */; };
		A7B5B05626F26235008CFC7E /* Thumbnail+Extension.swift in Sources */ = {isa = PBXBuildFile; fileRef = A7B5B05526F26235008CFC7E /* Thumbnail+Extension.swift */; };
		A7B5B05926F265A4008CFC7E /* TitleBasedView.swift in Sources */ = {isa = PBXBuildFile; fileRef = A7B5B05826F265A4008CFC7E /* TitleBasedView.swift */; };
		A7B5B05B26F265D3008CFC7E /* TitleBasedViewData.swift in Sources */ = {isa = PBXBuildFile; fileRef = A7B5B05A26F265D3008CFC7E /* TitleBasedViewData.swift */; };
		A7B5B06226F2684F008CFC7E /* CharacterDetailInfoCellView.swift in Sources */ = {isa = PBXBuildFile; fileRef = A7B5B06126F2684F008CFC7E /* CharacterDetailInfoCellView.swift */; };
		A7B5B06526F28389008CFC7E /* ComicsViewData.swift in Sources */ = {isa = PBXBuildFile; fileRef = A7B5B06426F28389008CFC7E /* ComicsViewData.swift */; };
		A7B5B06726F28390008CFC7E /* ComicsView.swift in Sources */ = {isa = PBXBuildFile; fileRef = A7B5B06626F28390008CFC7E /* ComicsView.swift */; };
		A7B5B06E26F28EBB008CFC7E /* CharacterDetailFooterResuableView.swift in Sources */ = {isa = PBXBuildFile; fileRef = A7B5B06D26F28EBB008CFC7E /* CharacterDetailFooterResuableView.swift */; };
		A7B5B07126F2A279008CFC7E /* TitleContainerView.swift in Sources */ = {isa = PBXBuildFile; fileRef = A7B5B07026F2A279008CFC7E /* TitleContainerView.swift */; };
		A7B5B07326F2A297008CFC7E /* TitleContainerViewData.swift in Sources */ = {isa = PBXBuildFile; fileRef = A7B5B07226F2A297008CFC7E /* TitleContainerViewData.swift */; };
		A7B5B07626F2AE5B008CFC7E /* FavouriteButtonView.swift in Sources */ = {isa = PBXBuildFile; fileRef = A7B5B07526F2AE5B008CFC7E /* FavouriteButtonView.swift */; };
		A7B5B07826F2AE60008CFC7E /* FavouriteButtonViewData.swift in Sources */ = {isa = PBXBuildFile; fileRef = A7B5B07726F2AE60008CFC7E /* FavouriteButtonViewData.swift */; };
		A7B5B07B26F2BB67008CFC7E /* PersistencyDataManager.swift in Sources */ = {isa = PBXBuildFile; fileRef = A7B5B07A26F2BB67008CFC7E /* PersistencyDataManager.swift */; };
		A7B5B07D26F2BB93008CFC7E /* PersistencyDataProtocol.swift in Sources */ = {isa = PBXBuildFile; fileRef = A7B5B07C26F2BB93008CFC7E /* PersistencyDataProtocol.swift */; };
		A7B5B08026F2C436008CFC7E /* ClientSideAssembler.swift in Sources */ = {isa = PBXBuildFile; fileRef = A7B5B07F26F2C436008CFC7E /* ClientSideAssembler.swift */; };
		A7B5B08326F2CB45008CFC7E /* FavouritesCoordinator.swift in Sources */ = {isa = PBXBuildFile; fileRef = A7B5B08226F2CB45008CFC7E /* FavouritesCoordinator.swift */; };
		A7B5B08526F2CB61008CFC7E /* FavouritesViewModel.swift in Sources */ = {isa = PBXBuildFile; fileRef = A7B5B08426F2CB61008CFC7E /* FavouritesViewModel.swift */; };
		A7B5B08726F2CB7B008CFC7E /* FavouritesViewController.swift in Sources */ = {isa = PBXBuildFile; fileRef = A7B5B08626F2CB7B008CFC7E /* FavouritesViewController.swift */; };
		A7B5B08A26F2CD18008CFC7E /* FavouritesAssembler.swift in Sources */ = {isa = PBXBuildFile; fileRef = A7B5B08926F2CD18008CFC7E /* FavouritesAssembler.swift */; };
		A7B5B08C26F2D2BC008CFC7E /* FavouritesRouter.swift in Sources */ = {isa = PBXBuildFile; fileRef = A7B5B08B26F2D2BC008CFC7E /* FavouritesRouter.swift */; };
/* End PBXBuildFile section */

/* Begin PBXContainerItemProxy section */
		A759892926F1302F008B11CF /* PBXContainerItemProxy */ = {
			isa = PBXContainerItemProxy;
			containerPortal = A759890726F1302E008B11CF /* Project object */;
			proxyType = 1;
			remoteGlobalIDString = A759890E26F1302E008B11CF;
			remoteInfo = MarvelCodeCase;
		};
		A759893426F1302F008B11CF /* PBXContainerItemProxy */ = {
			isa = PBXContainerItemProxy;
			containerPortal = A759890726F1302E008B11CF /* Project object */;
			proxyType = 1;
			remoteGlobalIDString = A759890E26F1302E008B11CF;
			remoteInfo = MarvelCodeCase;
		};
/* End PBXContainerItemProxy section */

/* Begin PBXFileReference section */
		A759890F26F1302E008B11CF /* MarvelCodeCase.app */ = {isa = PBXFileReference; explicitFileType = wrapper.application; includeInIndex = 0; path = MarvelCodeCase.app; sourceTree = BUILT_PRODUCTS_DIR; };
		A759891226F1302E008B11CF /* AppDelegate.swift */ = {isa = PBXFileReference; lastKnownFileType = sourcecode.swift; path = AppDelegate.swift; sourceTree = "<group>"; };
		A759891C26F1302E008B11CF /* MarvelCodeCase.xcdatamodel */ = {isa = PBXFileReference; lastKnownFileType = wrapper.xcdatamodel; path = MarvelCodeCase.xcdatamodel; sourceTree = "<group>"; };
		A759891E26F1302F008B11CF /* Assets.xcassets */ = {isa = PBXFileReference; lastKnownFileType = folder.assetcatalog; path = Assets.xcassets; sourceTree = "<group>"; };
		A759892126F1302F008B11CF /* Base */ = {isa = PBXFileReference; lastKnownFileType = file.storyboard; name = Base; path = Base.lproj/LaunchScreen.storyboard; sourceTree = "<group>"; };
		A759892326F1302F008B11CF /* Info.plist */ = {isa = PBXFileReference; lastKnownFileType = text.plist.xml; path = Info.plist; sourceTree = "<group>"; };
		A759892826F1302F008B11CF /* MarvelCodeCaseTests.xctest */ = {isa = PBXFileReference; explicitFileType = wrapper.cfbundle; includeInIndex = 0; path = MarvelCodeCaseTests.xctest; sourceTree = BUILT_PRODUCTS_DIR; };
		A759892C26F1302F008B11CF /* MarvelCodeCaseTests.swift */ = {isa = PBXFileReference; lastKnownFileType = sourcecode.swift; path = MarvelCodeCaseTests.swift; sourceTree = "<group>"; };
		A759892E26F1302F008B11CF /* Info.plist */ = {isa = PBXFileReference; lastKnownFileType = text.plist.xml; path = Info.plist; sourceTree = "<group>"; };
		A759893326F1302F008B11CF /* MarvelCodeCaseUITests.xctest */ = {isa = PBXFileReference; explicitFileType = wrapper.cfbundle; includeInIndex = 0; path = MarvelCodeCaseUITests.xctest; sourceTree = BUILT_PRODUCTS_DIR; };
		A759893726F1302F008B11CF /* MarvelCodeCaseUITests.swift */ = {isa = PBXFileReference; lastKnownFileType = sourcecode.swift; path = MarvelCodeCaseUITests.swift; sourceTree = "<group>"; };
		A759893926F1302F008B11CF /* Info.plist */ = {isa = PBXFileReference; lastKnownFileType = text.plist.xml; path = Info.plist; sourceTree = "<group>"; };
		A759895326F13072008B11CF /* MainViewAssembler.swift */ = {isa = PBXFileReference; fileEncoding = 4; lastKnownFileType = sourcecode.swift; path = MainViewAssembler.swift; sourceTree = "<group>"; };
		A759895526F13072008B11CF /* Assembler+Extension.swift */ = {isa = PBXFileReference; fileEncoding = 4; lastKnownFileType = sourcecode.swift; path = "Assembler+Extension.swift"; sourceTree = "<group>"; };
		A759895A26F13079008B11CF /* BaseViewModelDelegate.swift */ = {isa = PBXFileReference; fileEncoding = 4; lastKnownFileType = sourcecode.swift; path = BaseViewModelDelegate.swift; sourceTree = "<group>"; };
		A759895D26F13079008B11CF /* BaseCoordinator.swift */ = {isa = PBXFileReference; fileEncoding = 4; lastKnownFileType = sourcecode.swift; path = BaseCoordinator.swift; sourceTree = "<group>"; };
		A759895E26F13079008B11CF /* Coordinator.swift */ = {isa = PBXFileReference; fileEncoding = 4; lastKnownFileType = sourcecode.swift; path = Coordinator.swift; sourceTree = "<group>"; };
		A759897226F1315D008B11CF /* SplashViewStoryBoard.storyboard */ = {isa = PBXFileReference; lastKnownFileType = file.storyboard; path = SplashViewStoryBoard.storyboard; sourceTree = "<group>"; };
		A759897426F131A2008B11CF /* SplashViewController.swift */ = {isa = PBXFileReference; lastKnownFileType = sourcecode.swift; path = SplashViewController.swift; sourceTree = "<group>"; };
		A759897726F13485008B11CF /* BaseViewController.swift */ = {isa = PBXFileReference; fileEncoding = 4; lastKnownFileType = sourcecode.swift; path = BaseViewController.swift; sourceTree = "<group>"; };
		A759897826F13485008B11CF /* GenericBaseView.swift */ = {isa = PBXFileReference; fileEncoding = 4; lastKnownFileType = sourcecode.swift; path = GenericBaseView.swift; sourceTree = "<group>"; };
		A759897926F13485008B11CF /* BaseView.swift */ = {isa = PBXFileReference; fileEncoding = 4; lastKnownFileType = sourcecode.swift; path = BaseView.swift; sourceTree = "<group>"; };
		A759897A26F13485008B11CF /* BaseTableViewCell.swift */ = {isa = PBXFileReference; fileEncoding = 4; lastKnownFileType = sourcecode.swift; path = BaseTableViewCell.swift; sourceTree = "<group>"; };
		A759897B26F13485008B11CF /* BaseCollectionViewCell.swift */ = {isa = PBXFileReference; fileEncoding = 4; lastKnownFileType = sourcecode.swift; path = BaseCollectionViewCell.swift; sourceTree = "<group>"; };
		A759897C26F13485008B11CF /* GenericTableViewCell.swift */ = {isa = PBXFileReference; fileEncoding = 4; lastKnownFileType = sourcecode.swift; path = GenericTableViewCell.swift; sourceTree = "<group>"; };
		A759897D26F13485008B11CF /* GenericCollectionViewCell.swift */ = {isa = PBXFileReference; fileEncoding = 4; lastKnownFileType = sourcecode.swift; path = GenericCollectionViewCell.swift; sourceTree = "<group>"; };
		A759898526F134DB008B11CF /* SplashViewModel.swift */ = {isa = PBXFileReference; lastKnownFileType = sourcecode.swift; path = SplashViewModel.swift; sourceTree = "<group>"; };
		A759898A26F13637008B11CF /* BaseRouter.swift */ = {isa = PBXFileReference; lastKnownFileType = sourcecode.swift; path = BaseRouter.swift; sourceTree = "<group>"; };
		A759898C26F138DE008B11CF /* SplashCoordinator.swift */ = {isa = PBXFileReference; lastKnownFileType = sourcecode.swift; path = SplashCoordinator.swift; sourceTree = "<group>"; };
		A759898E26F1391F008B11CF /* AwakingStoryBoard.swift */ = {isa = PBXFileReference; lastKnownFileType = sourcecode.swift; path = AwakingStoryBoard.swift; sourceTree = "<group>"; };
		A759899026F1393D008B11CF /* ApplicationStoryBoards.swift */ = {isa = PBXFileReference; lastKnownFileType = sourcecode.swift; path = ApplicationStoryBoards.swift; sourceTree = "<group>"; };
		A759899226F13949008B11CF /* GenericValueProtocol.swift */ = {isa = PBXFileReference; lastKnownFileType = sourcecode.swift; path = GenericValueProtocol.swift; sourceTree = "<group>"; };
		A759899426F13A8B008B11CF /* InteractivePopGestureDelegate.swift */ = {isa = PBXFileReference; lastKnownFileType = sourcecode.swift; path = InteractivePopGestureDelegate.swift; sourceTree = "<group>"; };
		A759899626F13AD0008B11CF /* ViewControllerTypeProtocol.swift */ = {isa = PBXFileReference; lastKnownFileType = sourcecode.swift; path = ViewControllerTypeProtocol.swift; sourceTree = "<group>"; };
		A759899826F13BA9008B11CF /* AppCoordinator.swift */ = {isa = PBXFileReference; lastKnownFileType = sourcecode.swift; path = AppCoordinator.swift; sourceTree = "<group>"; };
		A759899A26F13BB4008B11CF /* AppViewModel.swift */ = {isa = PBXFileReference; lastKnownFileType = sourcecode.swift; path = AppViewModel.swift; sourceTree = "<group>"; };
		A759899C26F13C3F008B11CF /* MainCoordinator.swift */ = {isa = PBXFileReference; lastKnownFileType = sourcecode.swift; path = MainCoordinator.swift; sourceTree = "<group>"; };
		A759899E26F13C46008B11CF /* MainViewModel.swift */ = {isa = PBXFileReference; lastKnownFileType = sourcecode.swift; path = MainViewModel.swift; sourceTree = "<group>"; };
		A75989A026F13C4E008B11CF /* MainViewController.swift */ = {isa = PBXFileReference; lastKnownFileType = sourcecode.swift; path = MainViewController.swift; sourceTree = "<group>"; };
		A75989A426F140AA008B11CF /* ViewControllerUtils.swift */ = {isa = PBXFileReference; lastKnownFileType = sourcecode.swift; path = ViewControllerUtils.swift; sourceTree = "<group>"; };
		A75989A926F14127008B11CF /* AssemblerResolverDelegate.swift */ = {isa = PBXFileReference; lastKnownFileType = sourcecode.swift; path = AssemblerResolverDelegate.swift; sourceTree = "<group>"; };
		A75989AC26F1420C008B11CF /* AppCoordinatorAssembler.swift */ = {isa = PBXFileReference; lastKnownFileType = sourcecode.swift; path = AppCoordinatorAssembler.swift; sourceTree = "<group>"; };
		A75989AF26F14252008B11CF /* SplashViewAssembler.swift */ = {isa = PBXFileReference; lastKnownFileType = sourcecode.swift; path = SplashViewAssembler.swift; sourceTree = "<group>"; };
		A75989B326F15BC8008B11CF /* NavigationController+Extension.swift */ = {isa = PBXFileReference; lastKnownFileType = sourcecode.swift; path = "NavigationController+Extension.swift"; sourceTree = "<group>"; };
		A75989B626F15C0F008B11CF /* ColorAssets.xcassets */ = {isa = PBXFileReference; lastKnownFileType = folder.assetcatalog; path = ColorAssets.xcassets; sourceTree = "<group>"; };
		A75989B926F15C4F008B11CF /* MarvelCodeCaseColor.swift */ = {isa = PBXFileReference; lastKnownFileType = sourcecode.swift; path = MarvelCodeCaseColor.swift; sourceTree = "<group>"; };
		A75989BD26F161E6008B11CF /* ItemCollectionView.swift */ = {isa = PBXFileReference; lastKnownFileType = sourcecode.swift; path = ItemCollectionView.swift; sourceTree = "<group>"; };
		A75989BF26F161F3008B11CF /* ItemCollectionComponentDelegate.swift */ = {isa = PBXFileReference; lastKnownFileType = sourcecode.swift; path = ItemCollectionComponentDelegate.swift; sourceTree = "<group>"; };
		A75989C126F16210008B11CF /* ItemCollectionViewData.swift */ = {isa = PBXFileReference; lastKnownFileType = sourcecode.swift; path = ItemCollectionViewData.swift; sourceTree = "<group>"; };
		A75989C726F16A15008B11CF /* UICollectionView+Extension.swift */ = {isa = PBXFileReference; lastKnownFileType = sourcecode.swift; path = "UICollectionView+Extension.swift"; sourceTree = "<group>"; };
		A75989C926F16A2E008B11CF /* UIView+Extension.swift */ = {isa = PBXFileReference; lastKnownFileType = sourcecode.swift; path = "UIView+Extension.swift"; sourceTree = "<group>"; };
		A75989CB26F16A57008B11CF /* GenericDataProtocol.swift */ = {isa = PBXFileReference; lastKnownFileType = sourcecode.swift; path = GenericDataProtocol.swift; sourceTree = "<group>"; };
		A75989CE26F16ADD008B11CF /* ContentDisplayerViewData.swift */ = {isa = PBXFileReference; lastKnownFileType = sourcecode.swift; path = ContentDisplayerViewData.swift; sourceTree = "<group>"; };
		A75989D026F16B34008B11CF /* ContentDisplayerView.swift */ = {isa = PBXFileReference; lastKnownFileType = sourcecode.swift; path = ContentDisplayerView.swift; sourceTree = "<group>"; };
		A75989D326F16C21008B11CF /* CustomImageViewComponentContainer.swift */ = {isa = PBXFileReference; fileEncoding = 4; lastKnownFileType = sourcecode.swift; path = CustomImageViewComponentContainer.swift; sourceTree = "<group>"; };
		A75989D426F16C21008B11CF /* CustomImageViewComponentData.swift */ = {isa = PBXFileReference; fileEncoding = 4; lastKnownFileType = sourcecode.swift; path = CustomImageViewComponentData.swift; sourceTree = "<group>"; };
		A75989D526F16C21008B11CF /* CustomImageViewComponent.swift */ = {isa = PBXFileReference; fileEncoding = 4; lastKnownFileType = sourcecode.swift; path = CustomImageViewComponent.swift; sourceTree = "<group>"; };
		A75989D626F16C21008B11CF /* CustomImageLoadingType.swift */ = {isa = PBXFileReference; fileEncoding = 4; lastKnownFileType = sourcecode.swift; path = CustomImageLoadingType.swift; sourceTree = "<group>"; };
		A75989DC26F16CA6008B11CF /* ImageCacheManager.swift */ = {isa = PBXFileReference; fileEncoding = 4; lastKnownFileType = sourcecode.swift; path = ImageCacheManager.swift; sourceTree = "<group>"; };
		A75989E026F16E2B008B11CF /* ContentDisplayerCollectionViewCell.swift */ = {isa = PBXFileReference; lastKnownFileType = sourcecode.swift; path = ContentDisplayerCollectionViewCell.swift; sourceTree = "<group>"; };
		A75989E426F16F98008B11CF /* LoadingCellView.swift */ = {isa = PBXFileReference; lastKnownFileType = sourcecode.swift; path = LoadingCellView.swift; sourceTree = "<group>"; };
		A75989E926F177C6008B11CF /* PaginationInfo.swift */ = {isa = PBXFileReference; lastKnownFileType = sourcecode.swift; path = PaginationInfo.swift; sourceTree = "<group>"; };
		A75989EB26F18167008B11CF /* MainViewDataFormatter.swift */ = {isa = PBXFileReference; lastKnownFileType = sourcecode.swift; path = MainViewDataFormatter.swift; sourceTree = "<group>"; };
		A75989ED26F1821E008B11CF /* MainViewDataImplementation.swift */ = {isa = PBXFileReference; lastKnownFileType = sourcecode.swift; path = MainViewDataImplementation.swift; sourceTree = "<group>"; };
		A75989EF26F188E2008B11CF /* CollectionLoadingState.swift */ = {isa = PBXFileReference; lastKnownFileType = sourcecode.swift; path = CollectionLoadingState.swift; sourceTree = "<group>"; };
		A75989F226F189CB008B11CF /* NetworkAssembler.swift */ = {isa = PBXFileReference; lastKnownFileType = sourcecode.swift; path = NetworkAssembler.swift; sourceTree = "<group>"; };
		A75989F526F18D81008B11CF /* AccessProviderManager.swift */ = {isa = PBXFileReference; lastKnownFileType = sourcecode.swift; path = AccessProviderManager.swift; sourceTree = "<group>"; };
		A75989F826F190E3008B11CF /* CharacterDataResponsibleAssember.swift */ = {isa = PBXFileReference; lastKnownFileType = sourcecode.swift; path = CharacterDataResponsibleAssember.swift; sourceTree = "<group>"; };
		A78582F126F347270060EB90 /* LottieManagerProtocol.swift */ = {isa = PBXFileReference; fileEncoding = 4; lastKnownFileType = sourcecode.swift; path = LottieManagerProtocol.swift; sourceTree = "<group>"; };
		A78582F226F347270060EB90 /* LottieManager.swift */ = {isa = PBXFileReference; fileEncoding = 4; lastKnownFileType = sourcecode.swift; path = LottieManager.swift; sourceTree = "<group>"; };
		A78582FD26F347720060EB90 /* LottieViewController.swift */ = {isa = PBXFileReference; fileEncoding = 4; lastKnownFileType = sourcecode.swift; path = LottieViewController.swift; sourceTree = "<group>"; };
		A785830626F348930060EB90 /* 9844-loading-40-paperplane.json */ = {isa = PBXFileReference; fileEncoding = 4; lastKnownFileType = text.json; path = "9844-loading-40-paperplane.json"; sourceTree = "<group>"; };
		A785830926F3490D0060EB90 /* AtomicValue.swift */ = {isa = PBXFileReference; fileEncoding = 4; lastKnownFileType = sourcecode.swift; path = AtomicValue.swift; sourceTree = "<group>"; };
		A785830C26F349E10060EB90 /* UIApplication+Extension.swift */ = {isa = PBXFileReference; fileEncoding = 4; lastKnownFileType = sourcecode.swift; path = "UIApplication+Extension.swift"; sourceTree = "<group>"; };
		A785830F26F34CC10060EB90 /* UseCaseListenerManager.swift */ = {isa = PBXFileReference; lastKnownFileType = sourcecode.swift; path = UseCaseListenerManager.swift; sourceTree = "<group>"; };
		A7B5B03426F211A9008CFC7E /* CharacterDetailCoordinator.swift */ = {isa = PBXFileReference; lastKnownFileType = sourcecode.swift; path = CharacterDetailCoordinator.swift; sourceTree = "<group>"; };
		A7B5B03626F211C3008CFC7E /* CharacterDetailViewModel.swift */ = {isa = PBXFileReference; lastKnownFileType = sourcecode.swift; path = CharacterDetailViewModel.swift; sourceTree = "<group>"; };
		A7B5B03826F211F3008CFC7E /* CharacterDetailViewController.swift */ = {isa = PBXFileReference; lastKnownFileType = sourcecode.swift; path = CharacterDetailViewController.swift; sourceTree = "<group>"; };
		A7B5B03B26F2126A008CFC7E /* CharacterDetailAssembler.swift */ = {isa = PBXFileReference; lastKnownFileType = sourcecode.swift; path = CharacterDetailAssembler.swift; sourceTree = "<group>"; };
		A7B5B03D26F2192A008CFC7E /* MainViewRouter.swift */ = {isa = PBXFileReference; lastKnownFileType = sourcecode.swift; path = MainViewRouter.swift; sourceTree = "<group>"; };
		A7B5B04026F22205008CFC7E /* CharacterDetailHeaderView.swift */ = {isa = PBXFileReference; lastKnownFileType = sourcecode.swift; path = CharacterDetailHeaderView.swift; sourceTree = "<group>"; };
		A7B5B04226F2222E008CFC7E /* CharacterDetailHeaderViewData.swift */ = {isa = PBXFileReference; lastKnownFileType = sourcecode.swift; path = CharacterDetailHeaderViewData.swift; sourceTree = "<group>"; };
		A7B5B04526F222F4008CFC7E /* CharacterDetailView.swift */ = {isa = PBXFileReference; lastKnownFileType = sourcecode.swift; path = CharacterDetailView.swift; sourceTree = "<group>"; };
		A7B5B04726F22308008CFC7E /* CharacterDetailViewData.swift */ = {isa = PBXFileReference; lastKnownFileType = sourcecode.swift; path = CharacterDetailViewData.swift; sourceTree = "<group>"; };
		A7B5B04926F2236F008CFC7E /* CharacterDetailHeeaderFlowLayout.swift */ = {isa = PBXFileReference; lastKnownFileType = sourcecode.swift; path = CharacterDetailHeeaderFlowLayout.swift; sourceTree = "<group>"; };
		A7B5B04B26F2274E008CFC7E /* BaseCollectionReusableView.swift */ = {isa = PBXFileReference; lastKnownFileType = sourcecode.swift; path = BaseCollectionReusableView.swift; sourceTree = "<group>"; };
		A7B5B04D26F2275F008CFC7E /* GenericUICollectionReusableView.swift */ = {isa = PBXFileReference; lastKnownFileType = sourcecode.swift; path = GenericUICollectionReusableView.swift; sourceTree = "<group>"; };
		A7B5B04F26F22881008CFC7E /* CharacterDetailHeaderResuableView.swift */ = {isa = PBXFileReference; lastKnownFileType = sourcecode.swift; path = CharacterDetailHeaderResuableView.swift; sourceTree = "<group>"; };
		A7B5B05126F256FE008CFC7E /* CharacterDetailDataManagerProtocol.swift */ = {isa = PBXFileReference; lastKnownFileType = sourcecode.swift; path = CharacterDetailDataManagerProtocol.swift; sourceTree = "<group>"; };
		A7B5B05326F25705008CFC7E /* CharacterDetailDataManager.swift */ = {isa = PBXFileReference; lastKnownFileType = sourcecode.swift; path = CharacterDetailDataManager.swift; sourceTree = "<group>"; };
		A7B5B05526F26235008CFC7E /* Thumbnail+Extension.swift */ = {isa = PBXFileReference; lastKnownFileType = sourcecode.swift; path = "Thumbnail+Extension.swift"; sourceTree = "<group>"; };
		A7B5B05826F265A4008CFC7E /* TitleBasedView.swift */ = {isa = PBXFileReference; lastKnownFileType = sourcecode.swift; path = TitleBasedView.swift; sourceTree = "<group>"; };
		A7B5B05A26F265D3008CFC7E /* TitleBasedViewData.swift */ = {isa = PBXFileReference; lastKnownFileType = sourcecode.swift; path = TitleBasedViewData.swift; sourceTree = "<group>"; };
		A7B5B06126F2684F008CFC7E /* CharacterDetailInfoCellView.swift */ = {isa = PBXFileReference; lastKnownFileType = sourcecode.swift; path = CharacterDetailInfoCellView.swift; sourceTree = "<group>"; };
		A7B5B06426F28389008CFC7E /* ComicsViewData.swift */ = {isa = PBXFileReference; lastKnownFileType = sourcecode.swift; path = ComicsViewData.swift; sourceTree = "<group>"; };
		A7B5B06626F28390008CFC7E /* ComicsView.swift */ = {isa = PBXFileReference; lastKnownFileType = sourcecode.swift; path = ComicsView.swift; sourceTree = "<group>"; };
		A7B5B06D26F28EBB008CFC7E /* CharacterDetailFooterResuableView.swift */ = {isa = PBXFileReference; lastKnownFileType = sourcecode.swift; path = CharacterDetailFooterResuableView.swift; sourceTree = "<group>"; };
		A7B5B07026F2A279008CFC7E /* TitleContainerView.swift */ = {isa = PBXFileReference; lastKnownFileType = sourcecode.swift; path = TitleContainerView.swift; sourceTree = "<group>"; };
		A7B5B07226F2A297008CFC7E /* TitleContainerViewData.swift */ = {isa = PBXFileReference; lastKnownFileType = sourcecode.swift; path = TitleContainerViewData.swift; sourceTree = "<group>"; };
		A7B5B07526F2AE5B008CFC7E /* FavouriteButtonView.swift */ = {isa = PBXFileReference; lastKnownFileType = sourcecode.swift; path = FavouriteButtonView.swift; sourceTree = "<group>"; };
		A7B5B07726F2AE60008CFC7E /* FavouriteButtonViewData.swift */ = {isa = PBXFileReference; lastKnownFileType = sourcecode.swift; path = FavouriteButtonViewData.swift; sourceTree = "<group>"; };
		A7B5B07A26F2BB67008CFC7E /* PersistencyDataManager.swift */ = {isa = PBXFileReference; lastKnownFileType = sourcecode.swift; path = PersistencyDataManager.swift; sourceTree = "<group>"; };
		A7B5B07C26F2BB93008CFC7E /* PersistencyDataProtocol.swift */ = {isa = PBXFileReference; lastKnownFileType = sourcecode.swift; path = PersistencyDataProtocol.swift; sourceTree = "<group>"; };
		A7B5B07F26F2C436008CFC7E /* ClientSideAssembler.swift */ = {isa = PBXFileReference; lastKnownFileType = sourcecode.swift; path = ClientSideAssembler.swift; sourceTree = "<group>"; };
		A7B5B08226F2CB45008CFC7E /* FavouritesCoordinator.swift */ = {isa = PBXFileReference; lastKnownFileType = sourcecode.swift; path = FavouritesCoordinator.swift; sourceTree = "<group>"; };
		A7B5B08426F2CB61008CFC7E /* FavouritesViewModel.swift */ = {isa = PBXFileReference; lastKnownFileType = sourcecode.swift; path = FavouritesViewModel.swift; sourceTree = "<group>"; };
		A7B5B08626F2CB7B008CFC7E /* FavouritesViewController.swift */ = {isa = PBXFileReference; lastKnownFileType = sourcecode.swift; path = FavouritesViewController.swift; sourceTree = "<group>"; };
		A7B5B08926F2CD18008CFC7E /* FavouritesAssembler.swift */ = {isa = PBXFileReference; lastKnownFileType = sourcecode.swift; path = FavouritesAssembler.swift; sourceTree = "<group>"; };
		A7B5B08B26F2D2BC008CFC7E /* FavouritesRouter.swift */ = {isa = PBXFileReference; lastKnownFileType = sourcecode.swift; path = FavouritesRouter.swift; sourceTree = "<group>"; };
/* End PBXFileReference section */

/* Begin PBXFrameworksBuildPhase section */
		A759890C26F1302E008B11CF /* Frameworks */ = {
			isa = PBXFrameworksBuildPhase;
			buildActionMask = 2147483647;
			files = (
				A759897126F130F5008B11CF /* RxRelay in Frameworks */,
				A78582EF26F3466A0060EB90 /* Lottie in Frameworks */,
				A759896726F130C9008B11CF /* Swinject in Frameworks */,
				A759896F26F130F5008B11CF /* RxCocoa in Frameworks */,
				A75989E826F173EC008B11CF /* MarvelDataLayer in Frameworks */,
				A759896D26F130F5008B11CF /* RxSwift in Frameworks */,
				A759896A26F130DD008B11CF /* SwinjectAutoregistration in Frameworks */,
			);
			runOnlyForDeploymentPostprocessing = 0;
		};
		A759892526F1302F008B11CF /* Frameworks */ = {
			isa = PBXFrameworksBuildPhase;
			buildActionMask = 2147483647;
			files = (
			);
			runOnlyForDeploymentPostprocessing = 0;
		};
		A759893026F1302F008B11CF /* Frameworks */ = {
			isa = PBXFrameworksBuildPhase;
			buildActionMask = 2147483647;
			files = (
			);
			runOnlyForDeploymentPostprocessing = 0;
		};
/* End PBXFrameworksBuildPhase section */

/* Begin PBXGroup section */
		A759890626F1302E008B11CF = {
			isa = PBXGroup;
			children = (
				A759891126F1302E008B11CF /* MarvelCodeCase */,
				A759892B26F1302F008B11CF /* MarvelCodeCaseTests */,
				A759893626F1302F008B11CF /* MarvelCodeCaseUITests */,
				A759891026F1302E008B11CF /* Products */,
			);
			sourceTree = "<group>";
		};
		A759891026F1302E008B11CF /* Products */ = {
			isa = PBXGroup;
			children = (
				A759890F26F1302E008B11CF /* MarvelCodeCase.app */,
				A759892826F1302F008B11CF /* MarvelCodeCaseTests.xctest */,
				A759893326F1302F008B11CF /* MarvelCodeCaseUITests.xctest */,
			);
			name = Products;
			sourceTree = "<group>";
		};
		A759891126F1302E008B11CF /* MarvelCodeCase */ = {
			isa = PBXGroup;
			children = (
				A75989BB26F161CC008B11CF /* Components */,
				A75989A226F1409C008B11CF /* Utilities */,
				A759895826F13079008B11CF /* SupportingFiles */,
				A759894F26F13072008B11CF /* Managers */,
				A759894726F1306A008B11CF /* Coordinators */,
				A759891226F1302E008B11CF /* AppDelegate.swift */,
				A759891E26F1302F008B11CF /* Assets.xcassets */,
				A759892026F1302F008B11CF /* LaunchScreen.storyboard */,
				A759892326F1302F008B11CF /* Info.plist */,
				A759891B26F1302E008B11CF /* MarvelCodeCase.xcdatamodeld */,
			);
			path = MarvelCodeCase;
			sourceTree = "<group>";
		};
		A759892B26F1302F008B11CF /* MarvelCodeCaseTests */ = {
			isa = PBXGroup;
			children = (
				A759892C26F1302F008B11CF /* MarvelCodeCaseTests.swift */,
				A759892E26F1302F008B11CF /* Info.plist */,
			);
			path = MarvelCodeCaseTests;
			sourceTree = "<group>";
		};
		A759893626F1302F008B11CF /* MarvelCodeCaseUITests */ = {
			isa = PBXGroup;
			children = (
				A759893726F1302F008B11CF /* MarvelCodeCaseUITests.swift */,
				A759893926F1302F008B11CF /* Info.plist */,
			);
			path = MarvelCodeCaseUITests;
			sourceTree = "<group>";
		};
		A759894726F1306A008B11CF /* Coordinators */ = {
			isa = PBXGroup;
			children = (
				A7B5B08126F2CB22008CFC7E /* FavouritesCoordinator */,
				A7B5B03326F21192008CFC7E /* CharacterDetailCoordinator */,
				A759894826F1306A008B11CF /* SplashCoordinator */,
				A759894A26F1306A008B11CF /* AppCoordinator */,
				A759894B26F1306A008B11CF /* MainCoordinator */,
			);
			path = Coordinators;
			sourceTree = "<group>";
		};
		A759894826F1306A008B11CF /* SplashCoordinator */ = {
			isa = PBXGroup;
			children = (
				A759897226F1315D008B11CF /* SplashViewStoryBoard.storyboard */,
				A759897426F131A2008B11CF /* SplashViewController.swift */,
				A759898526F134DB008B11CF /* SplashViewModel.swift */,
				A759898C26F138DE008B11CF /* SplashCoordinator.swift */,
			);
			path = SplashCoordinator;
			sourceTree = "<group>";
		};
		A759894A26F1306A008B11CF /* AppCoordinator */ = {
			isa = PBXGroup;
			children = (
				A759899826F13BA9008B11CF /* AppCoordinator.swift */,
				A759899A26F13BB4008B11CF /* AppViewModel.swift */,
			);
			path = AppCoordinator;
			sourceTree = "<group>";
		};
		A759894B26F1306A008B11CF /* MainCoordinator */ = {
			isa = PBXGroup;
			children = (
				A759899C26F13C3F008B11CF /* MainCoordinator.swift */,
				A759899E26F13C46008B11CF /* MainViewModel.swift */,
				A75989A026F13C4E008B11CF /* MainViewController.swift */,
				A75989EB26F18167008B11CF /* MainViewDataFormatter.swift */,
				A75989ED26F1821E008B11CF /* MainViewDataImplementation.swift */,
				A7B5B03D26F2192A008CFC7E /* MainViewRouter.swift */,
			);
			path = MainCoordinator;
			sourceTree = "<group>";
		};
		A759894F26F13072008B11CF /* Managers */ = {
			isa = PBXGroup;
			children = (
				A785830E26F34CB30060EB90 /* UseCaseListenerManager */,
				A78582F026F347270060EB90 /* LottieManager */,
				A7B5B07926F2BB5D008CFC7E /* PersistenceManager */,
				A75989F426F18D6C008B11CF /* AccessProviderManager */,
				A75989DB26F16C99008B11CF /* CacheManagers */,
				A759895026F13072008B11CF /* DependencyManager */,
			);
			path = Managers;
			sourceTree = "<group>";
		};
		A759895026F13072008B11CF /* DependencyManager */ = {
			isa = PBXGroup;
			children = (
				A75989A826F14117008B11CF /* Protocols */,
				A759895126F13072008B11CF /* Assemblers */,
			);
			path = DependencyManager;
			sourceTree = "<group>";
		};
		A759895126F13072008B11CF /* Assemblers */ = {
			isa = PBXGroup;
			children = (
				A7B5B08826F2CD03008CFC7E /* FavouritesAssemblers */,
				A7B5B07E26F2C423008CFC7E /* ClientSideAssemblers */,
				A7B5B03A26F21253008CFC7E /* CharacterDetailAssembler */,
				A75989F726F19089008B11CF /* CharacterDataResponsibleAssember */,
				A75989F126F189BC008B11CF /* NetworkAssemblers */,
				A75989AE26F1423D008B11CF /* SplashViewAssembler */,
				A75989AB26F141E8008B11CF /* AppCoordinatorAssembler */,
				A759895226F13072008B11CF /* MainViewAssembler */,
			);
			path = Assemblers;
			sourceTree = "<group>";
		};
		A759895226F13072008B11CF /* MainViewAssembler */ = {
			isa = PBXGroup;
			children = (
				A759895326F13072008B11CF /* MainViewAssembler.swift */,
			);
			path = MainViewAssembler;
			sourceTree = "<group>";
		};
		A759895426F13072008B11CF /* Extensions */ = {
			isa = PBXGroup;
			children = (
				A785830C26F349E10060EB90 /* UIApplication+Extension.swift */,
				A759895526F13072008B11CF /* Assembler+Extension.swift */,
				A75989B326F15BC8008B11CF /* NavigationController+Extension.swift */,
				A75989C726F16A15008B11CF /* UICollectionView+Extension.swift */,
				A75989C926F16A2E008B11CF /* UIView+Extension.swift */,
				A7B5B05526F26235008CFC7E /* Thumbnail+Extension.swift */,
			);
			path = Extensions;
			sourceTree = "<group>";
		};
		A759895826F13079008B11CF /* SupportingFiles */ = {
			isa = PBXGroup;
			children = (
				A759895926F13079008B11CF /* CommonModules */,
				A759895B26F13079008B11CF /* BaseModules */,
			);
			path = SupportingFiles;
			sourceTree = "<group>";
		};
		A759895926F13079008B11CF /* CommonModules */ = {
			isa = PBXGroup;
			children = (
				A759898826F13545008B11CF /* Enums */,
				A759898726F1353C008B11CF /* Protocols */,
			);
			path = CommonModules;
			sourceTree = "<group>";
		};
		A759895B26F13079008B11CF /* BaseModules */ = {
			isa = PBXGroup;
			children = (
				A759898926F13629008B11CF /* Routers */,
				A759897626F13477008B11CF /* Views */,
				A759895C26F13079008B11CF /* Coordinator */,
			);
			path = BaseModules;
			sourceTree = "<group>";
		};
		A759895C26F13079008B11CF /* Coordinator */ = {
			isa = PBXGroup;
			children = (
				A759895D26F13079008B11CF /* BaseCoordinator.swift */,
				A759895E26F13079008B11CF /* Coordinator.swift */,
			);
			path = Coordinator;
			sourceTree = "<group>";
		};
		A759897626F13477008B11CF /* Views */ = {
			isa = PBXGroup;
			children = (
				A759897B26F13485008B11CF /* BaseCollectionViewCell.swift */,
				A759897A26F13485008B11CF /* BaseTableViewCell.swift */,
				A759897926F13485008B11CF /* BaseView.swift */,
				A759897726F13485008B11CF /* BaseViewController.swift */,
				A759897826F13485008B11CF /* GenericBaseView.swift */,
				A759897D26F13485008B11CF /* GenericCollectionViewCell.swift */,
				A759897C26F13485008B11CF /* GenericTableViewCell.swift */,
				A7B5B04B26F2274E008CFC7E /* BaseCollectionReusableView.swift */,
				A7B5B04D26F2275F008CFC7E /* GenericUICollectionReusableView.swift */,
			);
			path = Views;
			sourceTree = "<group>";
		};
		A759898726F1353C008B11CF /* Protocols */ = {
			isa = PBXGroup;
			children = (
				A759895A26F13079008B11CF /* BaseViewModelDelegate.swift */,
				A759898E26F1391F008B11CF /* AwakingStoryBoard.swift */,
				A759899026F1393D008B11CF /* ApplicationStoryBoards.swift */,
				A759899226F13949008B11CF /* GenericValueProtocol.swift */,
				A759899426F13A8B008B11CF /* InteractivePopGestureDelegate.swift */,
				A759899626F13AD0008B11CF /* ViewControllerTypeProtocol.swift */,
				A75989CB26F16A57008B11CF /* GenericDataProtocol.swift */,
			);
			path = Protocols;
			sourceTree = "<group>";
		};
		A759898826F13545008B11CF /* Enums */ = {
			isa = PBXGroup;
			children = (
				A75989E926F177C6008B11CF /* PaginationInfo.swift */,
				A75989EF26F188E2008B11CF /* CollectionLoadingState.swift */,
			);
			path = Enums;
			sourceTree = "<group>";
		};
		A759898926F13629008B11CF /* Routers */ = {
			isa = PBXGroup;
			children = (
				A759898A26F13637008B11CF /* BaseRouter.swift */,
			);
			path = Routers;
			sourceTree = "<group>";
		};
		A75989A226F1409C008B11CF /* Utilities */ = {
			isa = PBXGroup;
			children = (
				A759895426F13072008B11CF /* Extensions */,
				A785830826F348DF0060EB90 /* AtomicHelpers */,
				A75989B826F15C3A008B11CF /* ColorHelpers */,
				A75989B526F15BFD008B11CF /* Assets */,
				A75989A326F140A1008B11CF /* ViewControllerUtils */,
			);
			path = Utilities;
			sourceTree = "<group>";
		};
		A75989A326F140A1008B11CF /* ViewControllerUtils */ = {
			isa = PBXGroup;
			children = (
				A75989A426F140AA008B11CF /* ViewControllerUtils.swift */,
			);
			path = ViewControllerUtils;
			sourceTree = "<group>";
		};
		A75989A826F14117008B11CF /* Protocols */ = {
			isa = PBXGroup;
			children = (
				A75989A926F14127008B11CF /* AssemblerResolverDelegate.swift */,
			);
			path = Protocols;
			sourceTree = "<group>";
		};
		A75989AB26F141E8008B11CF /* AppCoordinatorAssembler */ = {
			isa = PBXGroup;
			children = (
				A75989AC26F1420C008B11CF /* AppCoordinatorAssembler.swift */,
			);
			path = AppCoordinatorAssembler;
			sourceTree = "<group>";
		};
		A75989AE26F1423D008B11CF /* SplashViewAssembler */ = {
			isa = PBXGroup;
			children = (
				A75989AF26F14252008B11CF /* SplashViewAssembler.swift */,
			);
			path = SplashViewAssembler;
			sourceTree = "<group>";
		};
		A75989B526F15BFD008B11CF /* Assets */ = {
			isa = PBXGroup;
			children = (
				A75989B626F15C0F008B11CF /* ColorAssets.xcassets */,
			);
			path = Assets;
			sourceTree = "<group>";
		};
		A75989B826F15C3A008B11CF /* ColorHelpers */ = {
			isa = PBXGroup;
			children = (
				A75989B926F15C4F008B11CF /* MarvelCodeCaseColor.swift */,
			);
			path = ColorHelpers;
			sourceTree = "<group>";
		};
		A75989BB26F161CC008B11CF /* Components */ = {
			isa = PBXGroup;
			children = (
				A7B5B07426F2AE48008CFC7E /* FavouriteButtonComponent */,
				A7B5B06F26F2A262008CFC7E /* TitleContainerComponent */,
				A7B5B06A26F28E0C008CFC7E /* CharacterDetailFooterComponents */,
				A7B5B06326F28375008CFC7E /* ComicsComponent */,
				A7B5B05726F2656F008CFC7E /* TitleBasedComponent */,
				A7B5B04426F222DF008CFC7E /* CharacterDetailComponent */,
				A7B5B03F26F221F4008CFC7E /* CharacterDetailHeaderComponents */,
				A75989E226F16F73008B11CF /* LoadingViewComponents */,
				A75989D226F16C21008B11CF /* CustomImageViewComponent */,
				A75989CD26F16ABE008B11CF /* CharacterViewCompoents */,
				A75989BC26F161D2008B11CF /* ItemCollectionComponent */,
			);
			path = Components;
			sourceTree = "<group>";
		};
		A75989BC26F161D2008B11CF /* ItemCollectionComponent */ = {
			isa = PBXGroup;
			children = (
				A75989DF26F16E0F008B11CF /* CellComponents */,
				A75989DE26F16E09008B11CF /* MainComponents */,
			);
			path = ItemCollectionComponent;
			sourceTree = "<group>";
		};
		A75989CD26F16ABE008B11CF /* CharacterViewCompoents */ = {
			isa = PBXGroup;
			children = (
				A75989CE26F16ADD008B11CF /* ContentDisplayerViewData.swift */,
				A75989D026F16B34008B11CF /* ContentDisplayerView.swift */,
			);
			path = CharacterViewCompoents;
			sourceTree = "<group>";
		};
		A75989D226F16C21008B11CF /* CustomImageViewComponent */ = {
			isa = PBXGroup;
			children = (
				A75989D326F16C21008B11CF /* CustomImageViewComponentContainer.swift */,
				A75989D426F16C21008B11CF /* CustomImageViewComponentData.swift */,
				A75989D526F16C21008B11CF /* CustomImageViewComponent.swift */,
				A75989D626F16C21008B11CF /* CustomImageLoadingType.swift */,
			);
			path = CustomImageViewComponent;
			sourceTree = "<group>";
		};
		A75989DB26F16C99008B11CF /* CacheManagers */ = {
			isa = PBXGroup;
			children = (
				A75989DC26F16CA6008B11CF /* ImageCacheManager.swift */,
			);
			path = CacheManagers;
			sourceTree = "<group>";
		};
		A75989DE26F16E09008B11CF /* MainComponents */ = {
			isa = PBXGroup;
			children = (
				A75989BD26F161E6008B11CF /* ItemCollectionView.swift */,
				A75989BF26F161F3008B11CF /* ItemCollectionComponentDelegate.swift */,
				A75989C126F16210008B11CF /* ItemCollectionViewData.swift */,
			);
			path = MainComponents;
			sourceTree = "<group>";
		};
		A75989DF26F16E0F008B11CF /* CellComponents */ = {
			isa = PBXGroup;
			children = (
				A75989E026F16E2B008B11CF /* ContentDisplayerCollectionViewCell.swift */,
			);
			path = CellComponents;
			sourceTree = "<group>";
		};
		A75989E226F16F73008B11CF /* LoadingViewComponents */ = {
			isa = PBXGroup;
			children = (
				A75989E326F16F7C008B11CF /* CellLoadingComponent */,
			);
			path = LoadingViewComponents;
			sourceTree = "<group>";
		};
		A75989E326F16F7C008B11CF /* CellLoadingComponent */ = {
			isa = PBXGroup;
			children = (
				A75989E426F16F98008B11CF /* LoadingCellView.swift */,
			);
			path = CellLoadingComponent;
			sourceTree = "<group>";
		};
		A75989F126F189BC008B11CF /* NetworkAssemblers */ = {
			isa = PBXGroup;
			children = (
				A75989F226F189CB008B11CF /* NetworkAssembler.swift */,
			);
			path = NetworkAssemblers;
			sourceTree = "<group>";
		};
		A75989F426F18D6C008B11CF /* AccessProviderManager */ = {
			isa = PBXGroup;
			children = (
				A75989F526F18D81008B11CF /* AccessProviderManager.swift */,
			);
			path = AccessProviderManager;
			sourceTree = "<group>";
		};
		A75989F726F19089008B11CF /* CharacterDataResponsibleAssember */ = {
			isa = PBXGroup;
			children = (
				A75989F826F190E3008B11CF /* CharacterDataResponsibleAssember.swift */,
			);
			path = CharacterDataResponsibleAssember;
			sourceTree = "<group>";
		};
		A78582F026F347270060EB90 /* LottieManager */ = {
			isa = PBXGroup;
			children = (
				A78582F626F347720060EB90 /* LottieFile */,
				A78582FA26F347720060EB90 /* Views */,
				A78582F526F3475B0060EB90 /* Manager */,
			);
			path = LottieManager;
			sourceTree = "<group>";
		};
		A78582F526F3475B0060EB90 /* Manager */ = {
			isa = PBXGroup;
			children = (
				A78582F126F347270060EB90 /* LottieManagerProtocol.swift */,
				A78582F226F347270060EB90 /* LottieManager.swift */,
			);
			path = Manager;
			sourceTree = "<group>";
		};
		A78582F626F347720060EB90 /* LottieFile */ = {
			isa = PBXGroup;
			children = (
				A785830626F348930060EB90 /* 9844-loading-40-paperplane.json */,
			);
			path = LottieFile;
			sourceTree = "<group>";
		};
		A78582FA26F347720060EB90 /* Views */ = {
			isa = PBXGroup;
			children = (
				A78582FD26F347720060EB90 /* LottieViewController.swift */,
			);
			path = Views;
			sourceTree = "<group>";
		};
		A785830826F348DF0060EB90 /* AtomicHelpers */ = {
			isa = PBXGroup;
			children = (
				A785830926F3490D0060EB90 /* AtomicValue.swift */,
			);
			path = AtomicHelpers;
			sourceTree = "<group>";
		};
		A785830E26F34CB30060EB90 /* UseCaseListenerManager */ = {
			isa = PBXGroup;
			children = (
				A785830F26F34CC10060EB90 /* UseCaseListenerManager.swift */,
			);
			path = UseCaseListenerManager;
			sourceTree = "<group>";
		};
		A7B5B03326F21192008CFC7E /* CharacterDetailCoordinator */ = {
			isa = PBXGroup;
			children = (
				A7B5B03426F211A9008CFC7E /* CharacterDetailCoordinator.swift */,
				A7B5B03626F211C3008CFC7E /* CharacterDetailViewModel.swift */,
				A7B5B03826F211F3008CFC7E /* CharacterDetailViewController.swift */,
				A7B5B05126F256FE008CFC7E /* CharacterDetailDataManagerProtocol.swift */,
				A7B5B05326F25705008CFC7E /* CharacterDetailDataManager.swift */,
			);
			path = CharacterDetailCoordinator;
			sourceTree = "<group>";
		};
		A7B5B03A26F21253008CFC7E /* CharacterDetailAssembler */ = {
			isa = PBXGroup;
			children = (
				A7B5B03B26F2126A008CFC7E /* CharacterDetailAssembler.swift */,
			);
			path = CharacterDetailAssembler;
			sourceTree = "<group>";
		};
		A7B5B03F26F221F4008CFC7E /* CharacterDetailHeaderComponents */ = {
			isa = PBXGroup;
			children = (
				A7B5B04026F22205008CFC7E /* CharacterDetailHeaderView.swift */,
				A7B5B04226F2222E008CFC7E /* CharacterDetailHeaderViewData.swift */,
				A7B5B04926F2236F008CFC7E /* CharacterDetailHeeaderFlowLayout.swift */,
				A7B5B04F26F22881008CFC7E /* CharacterDetailHeaderResuableView.swift */,
			);
			path = CharacterDetailHeaderComponents;
			sourceTree = "<group>";
		};
		A7B5B04426F222DF008CFC7E /* CharacterDetailComponent */ = {
			isa = PBXGroup;
			children = (
				A7B5B06026F2682C008CFC7E /* MainComponents */,
				A7B5B05F26F26822008CFC7E /* CellComponents */,
			);
			path = CharacterDetailComponent;
			sourceTree = "<group>";
		};
		A7B5B05726F2656F008CFC7E /* TitleBasedComponent */ = {
			isa = PBXGroup;
			children = (
				A7B5B05826F265A4008CFC7E /* TitleBasedView.swift */,
				A7B5B05A26F265D3008CFC7E /* TitleBasedViewData.swift */,
			);
			path = TitleBasedComponent;
			sourceTree = "<group>";
		};
		A7B5B05F26F26822008CFC7E /* CellComponents */ = {
			isa = PBXGroup;
			children = (
				A7B5B06126F2684F008CFC7E /* CharacterDetailInfoCellView.swift */,
			);
			path = CellComponents;
			sourceTree = "<group>";
		};
		A7B5B06026F2682C008CFC7E /* MainComponents */ = {
			isa = PBXGroup;
			children = (
				A7B5B04526F222F4008CFC7E /* CharacterDetailView.swift */,
				A7B5B04726F22308008CFC7E /* CharacterDetailViewData.swift */,
			);
			path = MainComponents;
			sourceTree = "<group>";
		};
		A7B5B06326F28375008CFC7E /* ComicsComponent */ = {
			isa = PBXGroup;
			children = (
				A7B5B06426F28389008CFC7E /* ComicsViewData.swift */,
				A7B5B06626F28390008CFC7E /* ComicsView.swift */,
			);
			path = ComicsComponent;
			sourceTree = "<group>";
		};
		A7B5B06A26F28E0C008CFC7E /* CharacterDetailFooterComponents */ = {
			isa = PBXGroup;
			children = (
				A7B5B06D26F28EBB008CFC7E /* CharacterDetailFooterResuableView.swift */,
			);
			path = CharacterDetailFooterComponents;
			sourceTree = "<group>";
		};
		A7B5B06F26F2A262008CFC7E /* TitleContainerComponent */ = {
			isa = PBXGroup;
			children = (
				A7B5B07026F2A279008CFC7E /* TitleContainerView.swift */,
				A7B5B07226F2A297008CFC7E /* TitleContainerViewData.swift */,
			);
			path = TitleContainerComponent;
			sourceTree = "<group>";
		};
		A7B5B07426F2AE48008CFC7E /* FavouriteButtonComponent */ = {
			isa = PBXGroup;
			children = (
				A7B5B07526F2AE5B008CFC7E /* FavouriteButtonView.swift */,
				A7B5B07726F2AE60008CFC7E /* FavouriteButtonViewData.swift */,
			);
			path = FavouriteButtonComponent;
			sourceTree = "<group>";
		};
		A7B5B07926F2BB5D008CFC7E /* PersistenceManager */ = {
			isa = PBXGroup;
			children = (
				A7B5B07A26F2BB67008CFC7E /* PersistencyDataManager.swift */,
				A7B5B07C26F2BB93008CFC7E /* PersistencyDataProtocol.swift */,
			);
			path = PersistenceManager;
			sourceTree = "<group>";
		};
		A7B5B07E26F2C423008CFC7E /* ClientSideAssemblers */ = {
			isa = PBXGroup;
			children = (
				A7B5B07F26F2C436008CFC7E /* ClientSideAssembler.swift */,
			);
			path = ClientSideAssemblers;
			sourceTree = "<group>";
		};
		A7B5B08126F2CB22008CFC7E /* FavouritesCoordinator */ = {
			isa = PBXGroup;
			children = (
				A7B5B08226F2CB45008CFC7E /* FavouritesCoordinator.swift */,
				A7B5B08426F2CB61008CFC7E /* FavouritesViewModel.swift */,
				A7B5B08626F2CB7B008CFC7E /* FavouritesViewController.swift */,
				A7B5B08B26F2D2BC008CFC7E /* FavouritesRouter.swift */,
			);
			path = FavouritesCoordinator;
			sourceTree = "<group>";
		};
		A7B5B08826F2CD03008CFC7E /* FavouritesAssemblers */ = {
			isa = PBXGroup;
			children = (
				A7B5B08926F2CD18008CFC7E /* FavouritesAssembler.swift */,
			);
			path = FavouritesAssemblers;
			sourceTree = "<group>";
		};
/* End PBXGroup section */

/* Begin PBXNativeTarget section */
		A759890E26F1302E008B11CF /* MarvelCodeCase */ = {
			isa = PBXNativeTarget;
			buildConfigurationList = A759893C26F1302F008B11CF /* Build configuration list for PBXNativeTarget "MarvelCodeCase" */;
			buildPhases = (
				A759890B26F1302E008B11CF /* Sources */,
				A759890C26F1302E008B11CF /* Frameworks */,
				A759890D26F1302E008B11CF /* Resources */,
			);
			buildRules = (
			);
			dependencies = (
			);
			name = MarvelCodeCase;
			packageProductDependencies = (
				A759896626F130C9008B11CF /* Swinject */,
				A759896926F130DD008B11CF /* SwinjectAutoregistration */,
				A759896C26F130F5008B11CF /* RxSwift */,
				A759896E26F130F5008B11CF /* RxCocoa */,
				A759897026F130F5008B11CF /* RxRelay */,
				A75989E726F173EC008B11CF /* MarvelDataLayer */,
				A78582EE26F3466A0060EB90 /* Lottie */,
			);
			productName = MarvelCodeCase;
			productReference = A759890F26F1302E008B11CF /* MarvelCodeCase.app */;
			productType = "com.apple.product-type.application";
		};
		A759892726F1302F008B11CF /* MarvelCodeCaseTests */ = {
			isa = PBXNativeTarget;
			buildConfigurationList = A759893F26F1302F008B11CF /* Build configuration list for PBXNativeTarget "MarvelCodeCaseTests" */;
			buildPhases = (
				A759892426F1302F008B11CF /* Sources */,
				A759892526F1302F008B11CF /* Frameworks */,
				A759892626F1302F008B11CF /* Resources */,
			);
			buildRules = (
			);
			dependencies = (
				A759892A26F1302F008B11CF /* PBXTargetDependency */,
			);
			name = MarvelCodeCaseTests;
			productName = MarvelCodeCaseTests;
			productReference = A759892826F1302F008B11CF /* MarvelCodeCaseTests.xctest */;
			productType = "com.apple.product-type.bundle.unit-test";
		};
		A759893226F1302F008B11CF /* MarvelCodeCaseUITests */ = {
			isa = PBXNativeTarget;
			buildConfigurationList = A759894226F1302F008B11CF /* Build configuration list for PBXNativeTarget "MarvelCodeCaseUITests" */;
			buildPhases = (
				A759892F26F1302F008B11CF /* Sources */,
				A759893026F1302F008B11CF /* Frameworks */,
				A759893126F1302F008B11CF /* Resources */,
			);
			buildRules = (
			);
			dependencies = (
				A759893526F1302F008B11CF /* PBXTargetDependency */,
			);
			name = MarvelCodeCaseUITests;
			productName = MarvelCodeCaseUITests;
			productReference = A759893326F1302F008B11CF /* MarvelCodeCaseUITests.xctest */;
			productType = "com.apple.product-type.bundle.ui-testing";
		};
/* End PBXNativeTarget section */

/* Begin PBXProject section */
		A759890726F1302E008B11CF /* Project object */ = {
			isa = PBXProject;
			attributes = {
				LastSwiftUpdateCheck = 1250;
				LastUpgradeCheck = 1250;
				TargetAttributes = {
					A759890E26F1302E008B11CF = {
						CreatedOnToolsVersion = 12.5.1;
					};
					A759892726F1302F008B11CF = {
						CreatedOnToolsVersion = 12.5.1;
						TestTargetID = A759890E26F1302E008B11CF;
					};
					A759893226F1302F008B11CF = {
						CreatedOnToolsVersion = 12.5.1;
						TestTargetID = A759890E26F1302E008B11CF;
					};
				};
			};
			buildConfigurationList = A759890A26F1302E008B11CF /* Build configuration list for PBXProject "MarvelCodeCase" */;
			compatibilityVersion = "Xcode 9.3";
			developmentRegion = en;
			hasScannedForEncodings = 0;
			knownRegions = (
				en,
				Base,
			);
			mainGroup = A759890626F1302E008B11CF;
			packageReferences = (
				A759896526F130C9008B11CF /* XCRemoteSwiftPackageReference "Swinject" */,
				A759896826F130DD008B11CF /* XCRemoteSwiftPackageReference "SwinjectAutoregistration" */,
				A759896B26F130F5008B11CF /* XCRemoteSwiftPackageReference "RxSwift" */,
				A75989E626F173EC008B11CF /* XCRemoteSwiftPackageReference "MarvelDataLayer" */,
				A78582ED26F3466A0060EB90 /* XCRemoteSwiftPackageReference "lottie-ios" */,
			);
			productRefGroup = A759891026F1302E008B11CF /* Products */;
			projectDirPath = "";
			projectRoot = "";
			targets = (
				A759890E26F1302E008B11CF /* MarvelCodeCase */,
				A759892726F1302F008B11CF /* MarvelCodeCaseTests */,
				A759893226F1302F008B11CF /* MarvelCodeCaseUITests */,
			);
		};
/* End PBXProject section */

/* Begin PBXResourcesBuildPhase section */
		A759890D26F1302E008B11CF /* Resources */ = {
			isa = PBXResourcesBuildPhase;
			buildActionMask = 2147483647;
			files = (
				A759892226F1302F008B11CF /* LaunchScreen.storyboard in Resources */,
				A759891F26F1302F008B11CF /* Assets.xcassets in Resources */,
				A75989B726F15C0F008B11CF /* ColorAssets.xcassets in Resources */,
				A785830726F348930060EB90 /* 9844-loading-40-paperplane.json in Resources */,
				A759897326F1315D008B11CF /* SplashViewStoryBoard.storyboard in Resources */,
			);
			runOnlyForDeploymentPostprocessing = 0;
		};
		A759892626F1302F008B11CF /* Resources */ = {
			isa = PBXResourcesBuildPhase;
			buildActionMask = 2147483647;
			files = (
			);
			runOnlyForDeploymentPostprocessing = 0;
		};
		A759893126F1302F008B11CF /* Resources */ = {
			isa = PBXResourcesBuildPhase;
			buildActionMask = 2147483647;
			files = (
			);
			runOnlyForDeploymentPostprocessing = 0;
		};
/* End PBXResourcesBuildPhase section */

/* Begin PBXSourcesBuildPhase section */
		A759890B26F1302E008B11CF /* Sources */ = {
			isa = PBXSourcesBuildPhase;
			buildActionMask = 2147483647;
			files = (
				A75989BE26F161E6008B11CF /* ItemCollectionView.swift in Sources */,
				A7B5B04E26F2275F008CFC7E /* GenericUICollectionReusableView.swift in Sources */,
				A759899B26F13BB4008B11CF /* AppViewModel.swift in Sources */,
				A75989AD26F1420C008B11CF /* AppCoordinatorAssembler.swift in Sources */,
				A759895626F13072008B11CF /* MainViewAssembler.swift in Sources */,
				A759895F26F13079008B11CF /* BaseViewModelDelegate.swift in Sources */,
				A75989EC26F18167008B11CF /* MainViewDataFormatter.swift in Sources */,
				A75989C026F161F3008B11CF /* ItemCollectionComponentDelegate.swift in Sources */,
				A75989D126F16B34008B11CF /* ContentDisplayerView.swift in Sources */,
				A7B5B05926F265A4008CFC7E /* TitleBasedView.swift in Sources */,
				A7B5B03926F211F3008CFC7E /* CharacterDetailViewController.swift in Sources */,
				A75989D826F16C21008B11CF /* CustomImageViewComponentData.swift in Sources */,
				A7B5B08326F2CB45008CFC7E /* FavouritesCoordinator.swift in Sources */,
				A785830D26F349E10060EB90 /* UIApplication+Extension.swift in Sources */,
				A759891D26F1302E008B11CF /* MarvelCodeCase.xcdatamodeld in Sources */,
				A7B5B06226F2684F008CFC7E /* CharacterDetailInfoCellView.swift in Sources */,
				A759898D26F138DE008B11CF /* SplashCoordinator.swift in Sources */,
				A75989CF26F16ADD008B11CF /* ContentDisplayerViewData.swift in Sources */,
				A759898426F13485008B11CF /* GenericCollectionViewCell.swift in Sources */,
				A7B5B07326F2A297008CFC7E /* TitleContainerViewData.swift in Sources */,
				A7B5B04326F2222E008CFC7E /* CharacterDetailHeaderViewData.swift in Sources */,
				A759899526F13A8B008B11CF /* InteractivePopGestureDelegate.swift in Sources */,
				A7B5B05426F25705008CFC7E /* CharacterDetailDataManager.swift in Sources */,
				A78582F426F347270060EB90 /* LottieManager.swift in Sources */,
				A7B5B05B26F265D3008CFC7E /* TitleBasedViewData.swift in Sources */,
				A75989AA26F14127008B11CF /* AssemblerResolverDelegate.swift in Sources */,
				A7B5B07126F2A279008CFC7E /* TitleContainerView.swift in Sources */,
				A7B5B03726F211C3008CFC7E /* CharacterDetailViewModel.swift in Sources */,
				A75989F326F189CB008B11CF /* NetworkAssembler.swift in Sources */,
				A75989A126F13C4E008B11CF /* MainViewController.swift in Sources */,
				A78582F326F347270060EB90 /* LottieManagerProtocol.swift in Sources */,
				A759897F26F13485008B11CF /* GenericBaseView.swift in Sources */,
				A785830A26F3490D0060EB90 /* AtomicValue.swift in Sources */,
				A75989D726F16C21008B11CF /* CustomImageViewComponentContainer.swift in Sources */,
				A759898126F13485008B11CF /* BaseTableViewCell.swift in Sources */,
				A759891326F1302E008B11CF /* AppDelegate.swift in Sources */,
				A75989A526F140AA008B11CF /* ViewControllerUtils.swift in Sources */,
				A7B5B07B26F2BB67008CFC7E /* PersistencyDataManager.swift in Sources */,
				A7B5B06E26F28EBB008CFC7E /* CharacterDetailFooterResuableView.swift in Sources */,
				A75989C826F16A15008B11CF /* UICollectionView+Extension.swift in Sources */,
				A759898626F134DB008B11CF /* SplashViewModel.swift in Sources */,
				A759895726F13072008B11CF /* Assembler+Extension.swift in Sources */,
				A75989C226F16210008B11CF /* ItemCollectionViewData.swift in Sources */,
				A759898F26F1391F008B11CF /* AwakingStoryBoard.swift in Sources */,
				A75989EA26F177C6008B11CF /* PaginationInfo.swift in Sources */,
				A7B5B04A26F2236F008CFC7E /* CharacterDetailHeeaderFlowLayout.swift in Sources */,
				A75989CC26F16A57008B11CF /* GenericDataProtocol.swift in Sources */,
				A759899926F13BA9008B11CF /* AppCoordinator.swift in Sources */,
				A759898B26F13637008B11CF /* BaseRouter.swift in Sources */,
				A75989EE26F1821E008B11CF /* MainViewDataImplementation.swift in Sources */,
				A7B5B04126F22205008CFC7E /* CharacterDetailHeaderView.swift in Sources */,
				A75989F926F190E3008B11CF /* CharacterDataResponsibleAssember.swift in Sources */,
				A7B5B08026F2C436008CFC7E /* ClientSideAssembler.swift in Sources */,
				A7B5B04C26F2274E008CFC7E /* BaseCollectionReusableView.swift in Sources */,
				A759897E26F13485008B11CF /* BaseViewController.swift in Sources */,
				A7B5B04826F22308008CFC7E /* CharacterDetailViewData.swift in Sources */,
				A7B5B05226F256FE008CFC7E /* CharacterDetailDataManagerProtocol.swift in Sources */,
				A759896026F13079008B11CF /* BaseCoordinator.swift in Sources */,
				A75989BA26F15C4F008B11CF /* MarvelCodeCaseColor.swift in Sources */,
				A75989DA26F16C21008B11CF /* CustomImageLoadingType.swift in Sources */,
				A7B5B06726F28390008CFC7E /* ComicsView.swift in Sources */,
				A75989D926F16C21008B11CF /* CustomImageViewComponent.swift in Sources */,
				A7B5B08C26F2D2BC008CFC7E /* FavouritesRouter.swift in Sources */,
				A7B5B05626F26235008CFC7E /* Thumbnail+Extension.swift in Sources */,
				A759899F26F13C46008B11CF /* MainViewModel.swift in Sources */,
				A785831026F34CC10060EB90 /* UseCaseListenerManager.swift in Sources */,
				A75989CA26F16A2E008B11CF /* UIView+Extension.swift in Sources */,
				A759896126F13079008B11CF /* Coordinator.swift in Sources */,
				A759898026F13485008B11CF /* BaseView.swift in Sources */,
				A75989B026F14252008B11CF /* SplashViewAssembler.swift in Sources */,
				A7B5B04626F222F4008CFC7E /* CharacterDetailView.swift in Sources */,
				A75989E526F16F98008B11CF /* LoadingCellView.swift in Sources */,
				A75989F026F188E2008B11CF /* CollectionLoadingState.swift in Sources */,
				A759898226F13485008B11CF /* BaseCollectionViewCell.swift in Sources */,
				A75989F626F18D81008B11CF /* AccessProviderManager.swift in Sources */,
				A759897526F131A2008B11CF /* SplashViewController.swift in Sources */,
				A785830326F347720060EB90 /* LottieViewController.swift in Sources */,
				A7B5B08A26F2CD18008CFC7E /* FavouritesAssembler.swift in Sources */,
				A75989DD26F16CA6008B11CF /* ImageCacheManager.swift in Sources */,
				A7B5B07626F2AE5B008CFC7E /* FavouriteButtonView.swift in Sources */,
				A7B5B07D26F2BB93008CFC7E /* PersistencyDataProtocol.swift in Sources */,
				A7B5B03526F211A9008CFC7E /* CharacterDetailCoordinator.swift in Sources */,
				A7B5B05026F22881008CFC7E /* CharacterDetailHeaderResuableView.swift in Sources */,
				A759898326F13485008B11CF /* GenericTableViewCell.swift in Sources */,
				A759899726F13AD0008B11CF /* ViewControllerTypeProtocol.swift in Sources */,
				A759899D26F13C3F008B11CF /* MainCoordinator.swift in Sources */,
				A759899126F1393D008B11CF /* ApplicationStoryBoards.swift in Sources */,
				A75989E126F16E2B008B11CF /* ContentDisplayerCollectionViewCell.swift in Sources */,
				A7B5B08726F2CB7B008CFC7E /* FavouritesViewController.swift in Sources */,
				A7B5B08526F2CB61008CFC7E /* FavouritesViewModel.swift in Sources */,
				A75989B426F15BC8008B11CF /* NavigationController+Extension.swift in Sources */,
				A759899326F13949008B11CF /* GenericValueProtocol.swift in Sources */,
				A7B5B03C26F2126A008CFC7E /* CharacterDetailAssembler.swift in Sources */,
				A7B5B06526F28389008CFC7E /* ComicsViewData.swift in Sources */,
				A7B5B07826F2AE60008CFC7E /* FavouriteButtonViewData.swift in Sources */,
				A7B5B03E26F2192A008CFC7E /* MainViewRouter.swift in Sources */,
			);
			runOnlyForDeploymentPostprocessing = 0;
		};
		A759892426F1302F008B11CF /* Sources */ = {
			isa = PBXSourcesBuildPhase;
			buildActionMask = 2147483647;
			files = (
				A759892D26F1302F008B11CF /* MarvelCodeCaseTests.swift in Sources */,
			);
			runOnlyForDeploymentPostprocessing = 0;
		};
		A759892F26F1302F008B11CF /* Sources */ = {
			isa = PBXSourcesBuildPhase;
			buildActionMask = 2147483647;
			files = (
				A759893826F1302F008B11CF /* MarvelCodeCaseUITests.swift in Sources */,
			);
			runOnlyForDeploymentPostprocessing = 0;
		};
/* End PBXSourcesBuildPhase section */

/* Begin PBXTargetDependency section */
		A759892A26F1302F008B11CF /* PBXTargetDependency */ = {
			isa = PBXTargetDependency;
			target = A759890E26F1302E008B11CF /* MarvelCodeCase */;
			targetProxy = A759892926F1302F008B11CF /* PBXContainerItemProxy */;
		};
		A759893526F1302F008B11CF /* PBXTargetDependency */ = {
			isa = PBXTargetDependency;
			target = A759890E26F1302E008B11CF /* MarvelCodeCase */;
			targetProxy = A759893426F1302F008B11CF /* PBXContainerItemProxy */;
		};
/* End PBXTargetDependency section */

/* Begin PBXVariantGroup section */
		A759892026F1302F008B11CF /* LaunchScreen.storyboard */ = {
			isa = PBXVariantGroup;
			children = (
				A759892126F1302F008B11CF /* Base */,
			);
			name = LaunchScreen.storyboard;
			sourceTree = "<group>";
		};
/* End PBXVariantGroup section */

/* Begin XCBuildConfiguration section */
		A759893A26F1302F008B11CF /* Debug */ = {
			isa = XCBuildConfiguration;
			buildSettings = {
				ALWAYS_SEARCH_USER_PATHS = NO;
				CLANG_ANALYZER_NONNULL = YES;
				CLANG_ANALYZER_NUMBER_OBJECT_CONVERSION = YES_AGGRESSIVE;
				CLANG_CXX_LANGUAGE_STANDARD = "gnu++14";
				CLANG_CXX_LIBRARY = "libc++";
				CLANG_ENABLE_MODULES = YES;
				CLANG_ENABLE_OBJC_ARC = YES;
				CLANG_ENABLE_OBJC_WEAK = YES;
				CLANG_WARN_BLOCK_CAPTURE_AUTORELEASING = YES;
				CLANG_WARN_BOOL_CONVERSION = YES;
				CLANG_WARN_COMMA = YES;
				CLANG_WARN_CONSTANT_CONVERSION = YES;
				CLANG_WARN_DEPRECATED_OBJC_IMPLEMENTATIONS = YES;
				CLANG_WARN_DIRECT_OBJC_ISA_USAGE = YES_ERROR;
				CLANG_WARN_DOCUMENTATION_COMMENTS = YES;
				CLANG_WARN_EMPTY_BODY = YES;
				CLANG_WARN_ENUM_CONVERSION = YES;
				CLANG_WARN_INFINITE_RECURSION = YES;
				CLANG_WARN_INT_CONVERSION = YES;
				CLANG_WARN_NON_LITERAL_NULL_CONVERSION = YES;
				CLANG_WARN_OBJC_IMPLICIT_RETAIN_SELF = YES;
				CLANG_WARN_OBJC_LITERAL_CONVERSION = YES;
				CLANG_WARN_OBJC_ROOT_CLASS = YES_ERROR;
				CLANG_WARN_QUOTED_INCLUDE_IN_FRAMEWORK_HEADER = YES;
				CLANG_WARN_RANGE_LOOP_ANALYSIS = YES;
				CLANG_WARN_STRICT_PROTOTYPES = YES;
				CLANG_WARN_SUSPICIOUS_MOVE = YES;
				CLANG_WARN_UNGUARDED_AVAILABILITY = YES_AGGRESSIVE;
				CLANG_WARN_UNREACHABLE_CODE = YES;
				CLANG_WARN__DUPLICATE_METHOD_MATCH = YES;
				COPY_PHASE_STRIP = NO;
				DEBUG_INFORMATION_FORMAT = dwarf;
				ENABLE_STRICT_OBJC_MSGSEND = YES;
				ENABLE_TESTABILITY = YES;
				GCC_C_LANGUAGE_STANDARD = gnu11;
				GCC_DYNAMIC_NO_PIC = NO;
				GCC_NO_COMMON_BLOCKS = YES;
				GCC_OPTIMIZATION_LEVEL = 0;
				GCC_PREPROCESSOR_DEFINITIONS = (
					"DEBUG=1",
					"$(inherited)",
				);
				GCC_WARN_64_TO_32_BIT_CONVERSION = YES;
				GCC_WARN_ABOUT_RETURN_TYPE = YES_ERROR;
				GCC_WARN_UNDECLARED_SELECTOR = YES;
				GCC_WARN_UNINITIALIZED_AUTOS = YES_AGGRESSIVE;
				GCC_WARN_UNUSED_FUNCTION = YES;
				GCC_WARN_UNUSED_VARIABLE = YES;
				IPHONEOS_DEPLOYMENT_TARGET = 11.0;
				MTL_ENABLE_DEBUG_INFO = INCLUDE_SOURCE;
				MTL_FAST_MATH = YES;
				ONLY_ACTIVE_ARCH = YES;
				SDKROOT = iphoneos;
				SWIFT_ACTIVE_COMPILATION_CONDITIONS = DEBUG;
				SWIFT_OPTIMIZATION_LEVEL = "-Onone";
			};
			name = Debug;
		};
		A759893B26F1302F008B11CF /* Release */ = {
			isa = XCBuildConfiguration;
			buildSettings = {
				ALWAYS_SEARCH_USER_PATHS = NO;
				CLANG_ANALYZER_NONNULL = YES;
				CLANG_ANALYZER_NUMBER_OBJECT_CONVERSION = YES_AGGRESSIVE;
				CLANG_CXX_LANGUAGE_STANDARD = "gnu++14";
				CLANG_CXX_LIBRARY = "libc++";
				CLANG_ENABLE_MODULES = YES;
				CLANG_ENABLE_OBJC_ARC = YES;
				CLANG_ENABLE_OBJC_WEAK = YES;
				CLANG_WARN_BLOCK_CAPTURE_AUTORELEASING = YES;
				CLANG_WARN_BOOL_CONVERSION = YES;
				CLANG_WARN_COMMA = YES;
				CLANG_WARN_CONSTANT_CONVERSION = YES;
				CLANG_WARN_DEPRECATED_OBJC_IMPLEMENTATIONS = YES;
				CLANG_WARN_DIRECT_OBJC_ISA_USAGE = YES_ERROR;
				CLANG_WARN_DOCUMENTATION_COMMENTS = YES;
				CLANG_WARN_EMPTY_BODY = YES;
				CLANG_WARN_ENUM_CONVERSION = YES;
				CLANG_WARN_INFINITE_RECURSION = YES;
				CLANG_WARN_INT_CONVERSION = YES;
				CLANG_WARN_NON_LITERAL_NULL_CONVERSION = YES;
				CLANG_WARN_OBJC_IMPLICIT_RETAIN_SELF = YES;
				CLANG_WARN_OBJC_LITERAL_CONVERSION = YES;
				CLANG_WARN_OBJC_ROOT_CLASS = YES_ERROR;
				CLANG_WARN_QUOTED_INCLUDE_IN_FRAMEWORK_HEADER = YES;
				CLANG_WARN_RANGE_LOOP_ANALYSIS = YES;
				CLANG_WARN_STRICT_PROTOTYPES = YES;
				CLANG_WARN_SUSPICIOUS_MOVE = YES;
				CLANG_WARN_UNGUARDED_AVAILABILITY = YES_AGGRESSIVE;
				CLANG_WARN_UNREACHABLE_CODE = YES;
				CLANG_WARN__DUPLICATE_METHOD_MATCH = YES;
				COPY_PHASE_STRIP = NO;
				DEBUG_INFORMATION_FORMAT = "dwarf-with-dsym";
				ENABLE_NS_ASSERTIONS = NO;
				ENABLE_STRICT_OBJC_MSGSEND = YES;
				GCC_C_LANGUAGE_STANDARD = gnu11;
				GCC_NO_COMMON_BLOCKS = YES;
				GCC_WARN_64_TO_32_BIT_CONVERSION = YES;
				GCC_WARN_ABOUT_RETURN_TYPE = YES_ERROR;
				GCC_WARN_UNDECLARED_SELECTOR = YES;
				GCC_WARN_UNINITIALIZED_AUTOS = YES_AGGRESSIVE;
				GCC_WARN_UNUSED_FUNCTION = YES;
				GCC_WARN_UNUSED_VARIABLE = YES;
				IPHONEOS_DEPLOYMENT_TARGET = 11.0;
				MTL_ENABLE_DEBUG_INFO = NO;
				MTL_FAST_MATH = YES;
				SDKROOT = iphoneos;
				SWIFT_COMPILATION_MODE = wholemodule;
				SWIFT_OPTIMIZATION_LEVEL = "-O";
				VALIDATE_PRODUCT = YES;
			};
			name = Release;
		};
		A759893D26F1302F008B11CF /* Debug */ = {
			isa = XCBuildConfiguration;
			buildSettings = {
				ASSETCATALOG_COMPILER_APPICON_NAME = AppIcon;
				ASSETCATALOG_COMPILER_GLOBAL_ACCENT_COLOR_NAME = AccentColor;
				CODE_SIGN_STYLE = Automatic;
				DEVELOPMENT_TEAM = ZVL2SV8VV7;
				INFOPLIST_FILE = MarvelCodeCase/Info.plist;
				LD_RUNPATH_SEARCH_PATHS = (
					"$(inherited)",
					"@executable_path/Frameworks",
				);
				PRODUCT_BUNDLE_IDENTIFIER = tukre.MarvelCodeCase;
				PRODUCT_NAME = "$(TARGET_NAME)";
				SWIFT_VERSION = 5.0;
				TARGETED_DEVICE_FAMILY = 1;
			};
			name = Debug;
		};
		A759893E26F1302F008B11CF /* Release */ = {
			isa = XCBuildConfiguration;
			buildSettings = {
				ASSETCATALOG_COMPILER_APPICON_NAME = AppIcon;
				ASSETCATALOG_COMPILER_GLOBAL_ACCENT_COLOR_NAME = AccentColor;
				CODE_SIGN_STYLE = Automatic;
				DEVELOPMENT_TEAM = ZVL2SV8VV7;
				INFOPLIST_FILE = MarvelCodeCase/Info.plist;
				LD_RUNPATH_SEARCH_PATHS = (
					"$(inherited)",
					"@executable_path/Frameworks",
				);
				PRODUCT_BUNDLE_IDENTIFIER = tukre.MarvelCodeCase;
				PRODUCT_NAME = "$(TARGET_NAME)";
				SWIFT_VERSION = 5.0;
				TARGETED_DEVICE_FAMILY = 1;
			};
			name = Release;
		};
		A759894026F1302F008B11CF /* Debug */ = {
			isa = XCBuildConfiguration;
			buildSettings = {
				ALWAYS_EMBED_SWIFT_STANDARD_LIBRARIES = YES;
				BUNDLE_LOADER = "$(TEST_HOST)";
				CODE_SIGN_STYLE = Automatic;
				DEVELOPMENT_TEAM = ZVL2SV8VV7;
				INFOPLIST_FILE = MarvelCodeCaseTests/Info.plist;
				IPHONEOS_DEPLOYMENT_TARGET = 14.5;
				LD_RUNPATH_SEARCH_PATHS = (
					"$(inherited)",
					"@executable_path/Frameworks",
					"@loader_path/Frameworks",
				);
				PRODUCT_BUNDLE_IDENTIFIER = tukre.MarvelCodeCaseTests;
				PRODUCT_NAME = "$(TARGET_NAME)";
				SWIFT_VERSION = 5.0;
				TARGETED_DEVICE_FAMILY = "1,2";
				TEST_HOST = "$(BUILT_PRODUCTS_DIR)/MarvelCodeCase.app/MarvelCodeCase";
			};
			name = Debug;
		};
		A759894126F1302F008B11CF /* Release */ = {
			isa = XCBuildConfiguration;
			buildSettings = {
				ALWAYS_EMBED_SWIFT_STANDARD_LIBRARIES = YES;
				BUNDLE_LOADER = "$(TEST_HOST)";
				CODE_SIGN_STYLE = Automatic;
				DEVELOPMENT_TEAM = ZVL2SV8VV7;
				INFOPLIST_FILE = MarvelCodeCaseTests/Info.plist;
				IPHONEOS_DEPLOYMENT_TARGET = 14.5;
				LD_RUNPATH_SEARCH_PATHS = (
					"$(inherited)",
					"@executable_path/Frameworks",
					"@loader_path/Frameworks",
				);
				PRODUCT_BUNDLE_IDENTIFIER = tukre.MarvelCodeCaseTests;
				PRODUCT_NAME = "$(TARGET_NAME)";
				SWIFT_VERSION = 5.0;
				TARGETED_DEVICE_FAMILY = "1,2";
				TEST_HOST = "$(BUILT_PRODUCTS_DIR)/MarvelCodeCase.app/MarvelCodeCase";
			};
			name = Release;
		};
		A759894326F1302F008B11CF /* Debug */ = {
			isa = XCBuildConfiguration;
			buildSettings = {
				ALWAYS_EMBED_SWIFT_STANDARD_LIBRARIES = YES;
				CODE_SIGN_STYLE = Automatic;
				DEVELOPMENT_TEAM = ZVL2SV8VV7;
				INFOPLIST_FILE = MarvelCodeCaseUITests/Info.plist;
				LD_RUNPATH_SEARCH_PATHS = (
					"$(inherited)",
					"@executable_path/Frameworks",
					"@loader_path/Frameworks",
				);
				PRODUCT_BUNDLE_IDENTIFIER = tukre.MarvelCodeCaseUITests;
				PRODUCT_NAME = "$(TARGET_NAME)";
				SWIFT_VERSION = 5.0;
				TARGETED_DEVICE_FAMILY = "1,2";
				TEST_TARGET_NAME = MarvelCodeCase;
			};
			name = Debug;
		};
		A759894426F1302F008B11CF /* Release */ = {
			isa = XCBuildConfiguration;
			buildSettings = {
				ALWAYS_EMBED_SWIFT_STANDARD_LIBRARIES = YES;
				CODE_SIGN_STYLE = Automatic;
				DEVELOPMENT_TEAM = ZVL2SV8VV7;
				INFOPLIST_FILE = MarvelCodeCaseUITests/Info.plist;
				LD_RUNPATH_SEARCH_PATHS = (
					"$(inherited)",
					"@executable_path/Frameworks",
					"@loader_path/Frameworks",
				);
				PRODUCT_BUNDLE_IDENTIFIER = tukre.MarvelCodeCaseUITests;
				PRODUCT_NAME = "$(TARGET_NAME)";
				SWIFT_VERSION = 5.0;
				TARGETED_DEVICE_FAMILY = "1,2";
				TEST_TARGET_NAME = MarvelCodeCase;
			};
			name = Release;
		};
/* End XCBuildConfiguration section */

/* Begin XCConfigurationList section */
		A759890A26F1302E008B11CF /* Build configuration list for PBXProject "MarvelCodeCase" */ = {
			isa = XCConfigurationList;
			buildConfigurations = (
				A759893A26F1302F008B11CF /* Debug */,
				A759893B26F1302F008B11CF /* Release */,
			);
			defaultConfigurationIsVisible = 0;
			defaultConfigurationName = Release;
		};
		A759893C26F1302F008B11CF /* Build configuration list for PBXNativeTarget "MarvelCodeCase" */ = {
			isa = XCConfigurationList;
			buildConfigurations = (
				A759893D26F1302F008B11CF /* Debug */,
				A759893E26F1302F008B11CF /* Release */,
			);
			defaultConfigurationIsVisible = 0;
			defaultConfigurationName = Release;
		};
		A759893F26F1302F008B11CF /* Build configuration list for PBXNativeTarget "MarvelCodeCaseTests" */ = {
			isa = XCConfigurationList;
			buildConfigurations = (
				A759894026F1302F008B11CF /* Debug */,
				A759894126F1302F008B11CF /* Release */,
			);
			defaultConfigurationIsVisible = 0;
			defaultConfigurationName = Release;
		};
		A759894226F1302F008B11CF /* Build configuration list for PBXNativeTarget "MarvelCodeCaseUITests" */ = {
			isa = XCConfigurationList;
			buildConfigurations = (
				A759894326F1302F008B11CF /* Debug */,
				A759894426F1302F008B11CF /* Release */,
			);
			defaultConfigurationIsVisible = 0;
			defaultConfigurationName = Release;
		};
/* End XCConfigurationList section */

/* Begin XCRemoteSwiftPackageReference section */
		A759896526F130C9008B11CF /* XCRemoteSwiftPackageReference "Swinject" */ = {
			isa = XCRemoteSwiftPackageReference;
			repositoryURL = "https://github.com/Swinject/Swinject.git";
			requirement = {
				kind = upToNextMajorVersion;
				minimumVersion = 2.8.0;
			};
		};
		A759896826F130DD008B11CF /* XCRemoteSwiftPackageReference "SwinjectAutoregistration" */ = {
			isa = XCRemoteSwiftPackageReference;
			repositoryURL = "https://github.com/Swinject/SwinjectAutoregistration.git";
			requirement = {
				kind = upToNextMajorVersion;
				minimumVersion = 2.7.0;
			};
		};
		A759896B26F130F5008B11CF /* XCRemoteSwiftPackageReference "RxSwift" */ = {
			isa = XCRemoteSwiftPackageReference;
			repositoryURL = "https://github.com/ReactiveX/RxSwift.git";
			requirement = {
				kind = upToNextMajorVersion;
				minimumVersion = 6.2.0;
			};
		};
		A75989E626F173EC008B11CF /* XCRemoteSwiftPackageReference "MarvelDataLayer" */ = {
			isa = XCRemoteSwiftPackageReference;
			repositoryURL = "https://github.com/erkutbas/MarvelDataLayer.git";
			requirement = {
				kind = upToNextMajorVersion;
				minimumVersion = 1.0.0;
			};
		};
		A78582ED26F3466A0060EB90 /* XCRemoteSwiftPackageReference "lottie-ios" */ = {
			isa = XCRemoteSwiftPackageReference;
			repositoryURL = "https://github.com/airbnb/lottie-ios.git";
			requirement = {
				kind = upToNextMajorVersion;
				minimumVersion = 3.2.3;
			};
		};
/* End XCRemoteSwiftPackageReference section */

/* Begin XCSwiftPackageProductDependency section */
		A759896626F130C9008B11CF /* Swinject */ = {
			isa = XCSwiftPackageProductDependency;
			package = A759896526F130C9008B11CF /* XCRemoteSwiftPackageReference "Swinject" */;
			productName = Swinject;
		};
		A759896926F130DD008B11CF /* SwinjectAutoregistration */ = {
			isa = XCSwiftPackageProductDependency;
			package = A759896826F130DD008B11CF /* XCRemoteSwiftPackageReference "SwinjectAutoregistration" */;
			productName = SwinjectAutoregistration;
		};
		A759896C26F130F5008B11CF /* RxSwift */ = {
			isa = XCSwiftPackageProductDependency;
			package = A759896B26F130F5008B11CF /* XCRemoteSwiftPackageReference "RxSwift" */;
			productName = RxSwift;
		};
		A759896E26F130F5008B11CF /* RxCocoa */ = {
			isa = XCSwiftPackageProductDependency;
			package = A759896B26F130F5008B11CF /* XCRemoteSwiftPackageReference "RxSwift" */;
			productName = RxCocoa;
		};
		A759897026F130F5008B11CF /* RxRelay */ = {
			isa = XCSwiftPackageProductDependency;
			package = A759896B26F130F5008B11CF /* XCRemoteSwiftPackageReference "RxSwift" */;
			productName = RxRelay;
		};
		A75989E726F173EC008B11CF /* MarvelDataLayer */ = {
			isa = XCSwiftPackageProductDependency;
			package = A75989E626F173EC008B11CF /* XCRemoteSwiftPackageReference "MarvelDataLayer" */;
			productName = MarvelDataLayer;
		};
		A78582EE26F3466A0060EB90 /* Lottie */ = {
			isa = XCSwiftPackageProductDependency;
			package = A78582ED26F3466A0060EB90 /* XCRemoteSwiftPackageReference "lottie-ios" */;
			productName = Lottie;
		};
/* End XCSwiftPackageProductDependency section */

/* Begin XCVersionGroup section */
		A759891B26F1302E008B11CF /* MarvelCodeCase.xcdatamodeld */ = {
			isa = XCVersionGroup;
			children = (
				A759891C26F1302E008B11CF /* MarvelCodeCase.xcdatamodel */,
			);
			currentVersion = A759891C26F1302E008B11CF /* MarvelCodeCase.xcdatamodel */;
			path = MarvelCodeCase.xcdatamodeld;
			sourceTree = "<group>";
			versionGroupType = wrapper.xcdatamodel;
		};
/* End XCVersionGroup section */
	};
	rootObject = A759890726F1302E008B11CF /* Project object */;
}
